// !$*UTF8*$!
{
	archiveVersion = 1;
	classes = {
	};
	objectVersion = 46;
	objects = {

/* Begin PBXBuildFile section */
		4BF7BA5B1F15D069009F1282 /* main.m in Sources */ = {isa = PBXBuildFile; fileRef = 4BF7BA5A1F15D069009F1282 /* main.m */; };
		4BF7BA641F15D069009F1282 /* Main.storyboard in Resources */ = {isa = PBXBuildFile; fileRef = 4BF7BA621F15D069009F1282 /* Main.storyboard */; };
		4BF7BA661F15D069009F1282 /* Assets.xcassets in Resources */ = {isa = PBXBuildFile; fileRef = 4BF7BA651F15D069009F1282 /* Assets.xcassets */; };
		4BF7BA691F15D069009F1282 /* LaunchScreen.storyboard in Resources */ = {isa = PBXBuildFile; fileRef = 4BF7BA671F15D069009F1282 /* LaunchScreen.storyboard */; };
		4BF7BA741F15D069009F1282 /* ASKitTests.m in Sources */ = {isa = PBXBuildFile; fileRef = 4BF7BA731F15D069009F1282 /* ASKitTests.m */; };
		4BF7BA7F1F15D069009F1282 /* ASKitUITests.m in Sources */ = {isa = PBXBuildFile; fileRef = 4BF7BA7E1F15D069009F1282 /* ASKitUITests.m */; };
		4BF7BA931F15EFD2009F1282 /* AppDelegate.m in Sources */ = {isa = PBXBuildFile; fileRef = 4BF7BA8E1F15EFD2009F1282 /* AppDelegate.m */; };
		E79E4D0D1A01263BB9F63F05 /* libPods-ASKit.a in Frameworks */ = {isa = PBXBuildFile; fileRef = 8E1C8FFC2C3210B144082435 /* libPods-ASKit.a */; };
/* End PBXBuildFile section */

/* Begin PBXContainerItemProxy section */
		4BF7BA701F15D069009F1282 /* PBXContainerItemProxy */ = {
			isa = PBXContainerItemProxy;
			containerPortal = 4BF7BA4E1F15D069009F1282 /* Project object */;
			proxyType = 1;
			remoteGlobalIDString = 4BF7BA551F15D069009F1282;
			remoteInfo = ASKit;
		};
		4BF7BA7B1F15D069009F1282 /* PBXContainerItemProxy */ = {
			isa = PBXContainerItemProxy;
			containerPortal = 4BF7BA4E1F15D069009F1282 /* Project object */;
			proxyType = 1;
			remoteGlobalIDString = 4BF7BA551F15D069009F1282;
			remoteInfo = ASKit;
		};
/* End PBXContainerItemProxy section */

/* Begin PBXFileReference section */
		4BF7BA561F15D069009F1282 /* ASKit.app */ = {isa = PBXFileReference; explicitFileType = wrapper.application; includeInIndex = 0; path = ASKit.app; sourceTree = BUILT_PRODUCTS_DIR; };
		4BF7BA5A1F15D069009F1282 /* main.m */ = {isa = PBXFileReference; lastKnownFileType = sourcecode.c.objc; path = main.m; sourceTree = "<group>"; };
		4BF7BA631F15D069009F1282 /* Base */ = {isa = PBXFileReference; lastKnownFileType = file.storyboard; name = Base; path = Base.lproj/Main.storyboard; sourceTree = "<group>"; };
		4BF7BA651F15D069009F1282 /* Assets.xcassets */ = {isa = PBXFileReference; lastKnownFileType = folder.assetcatalog; path = Assets.xcassets; sourceTree = "<group>"; };
		4BF7BA681F15D069009F1282 /* Base */ = {isa = PBXFileReference; lastKnownFileType = file.storyboard; name = Base; path = Base.lproj/LaunchScreen.storyboard; sourceTree = "<group>"; };
		4BF7BA6A1F15D069009F1282 /* Info.plist */ = {isa = PBXFileReference; lastKnownFileType = text.plist.xml; path = Info.plist; sourceTree = "<group>"; };
		4BF7BA6F1F15D069009F1282 /* ASKitTests.xctest */ = {isa = PBXFileReference; explicitFileType = wrapper.cfbundle; includeInIndex = 0; path = ASKitTests.xctest; sourceTree = BUILT_PRODUCTS_DIR; };
		4BF7BA731F15D069009F1282 /* ASKitTests.m */ = {isa = PBXFileReference; lastKnownFileType = sourcecode.c.objc; path = ASKitTests.m; sourceTree = "<group>"; };
		4BF7BA751F15D069009F1282 /* Info.plist */ = {isa = PBXFileReference; lastKnownFileType = text.plist.xml; path = Info.plist; sourceTree = "<group>"; };
		4BF7BA7A1F15D069009F1282 /* ASKitUITests.xctest */ = {isa = PBXFileReference; explicitFileType = wrapper.cfbundle; includeInIndex = 0; path = ASKitUITests.xctest; sourceTree = BUILT_PRODUCTS_DIR; };
		4BF7BA7E1F15D069009F1282 /* ASKitUITests.m */ = {isa = PBXFileReference; lastKnownFileType = sourcecode.c.objc; path = ASKitUITests.m; sourceTree = "<group>"; };
		4BF7BA801F15D069009F1282 /* Info.plist */ = {isa = PBXFileReference; lastKnownFileType = text.plist.xml; path = Info.plist; sourceTree = "<group>"; };
		4BF7BA8D1F15EFD2009F1282 /* AppDelegate.h */ = {isa = PBXFileReference; fileEncoding = 4; lastKnownFileType = sourcecode.c.h; path = AppDelegate.h; sourceTree = "<group>"; };
		4BF7BA8E1F15EFD2009F1282 /* AppDelegate.m */ = {isa = PBXFileReference; fileEncoding = 4; lastKnownFileType = sourcecode.c.objc; path = AppDelegate.m; sourceTree = "<group>"; };
		67748E78E4C3FF60897A3FF3 /* Pods-ASKit.release.xcconfig */ = {isa = PBXFileReference; includeInIndex = 1; lastKnownFileType = text.xcconfig; name = "Pods-ASKit.release.xcconfig"; path = "Pods/Target Support Files/Pods-ASKit/Pods-ASKit.release.xcconfig"; sourceTree = "<group>"; };
		7692899619433E1ACDEFCB77 /* Pods-ASKit.debug.xcconfig */ = {isa = PBXFileReference; includeInIndex = 1; lastKnownFileType = text.xcconfig; name = "Pods-ASKit.debug.xcconfig"; path = "Pods/Target Support Files/Pods-ASKit/Pods-ASKit.debug.xcconfig"; sourceTree = "<group>"; };
		8E1C8FFC2C3210B144082435 /* libPods-ASKit.a */ = {isa = PBXFileReference; explicitFileType = archive.ar; includeInIndex = 0; path = "libPods-ASKit.a"; sourceTree = BUILT_PRODUCTS_DIR; };
/* End PBXFileReference section */

/* Begin PBXFrameworksBuildPhase section */
		4BF7BA531F15D069009F1282 /* Frameworks */ = {
			isa = PBXFrameworksBuildPhase;
			buildActionMask = 2147483647;
			files = (
				E79E4D0D1A01263BB9F63F05 /* libPods-ASKit.a in Frameworks */,
			);
			runOnlyForDeploymentPostprocessing = 0;
		};
		4BF7BA6C1F15D069009F1282 /* Frameworks */ = {
			isa = PBXFrameworksBuildPhase;
			buildActionMask = 2147483647;
			files = (
			);
			runOnlyForDeploymentPostprocessing = 0;
		};
		4BF7BA771F15D069009F1282 /* Frameworks */ = {
			isa = PBXFrameworksBuildPhase;
			buildActionMask = 2147483647;
			files = (
			);
			runOnlyForDeploymentPostprocessing = 0;
		};
/* End PBXFrameworksBuildPhase section */

/* Begin PBXGroup section */
		4B9CF9F020AEBE3C002F6493 /* Resources */ = {
			isa = PBXGroup;
			children = (
			);
			path = Resources;
			sourceTree = "<group>";
		};
		4B9CF9F120AEBE3C002F6493 /* Library */ = {
			isa = PBXGroup;
			children = (
			);
			path = Library;
			sourceTree = "<group>";
		};
		4B9CF9F220AEBE3C002F6493 /* WebService */ = {
			isa = PBXGroup;
			children = (
			);
			path = WebService;
			sourceTree = "<group>";
		};
		4B9CF9F320AEBE3C002F6493 /* Bussiness */ = {
			isa = PBXGroup;
			children = (
			);
			path = Bussiness;
			sourceTree = "<group>";
		};
		4BF7BA4D1F15D069009F1282 = {
			isa = PBXGroup;
			children = (
				4BF7BA581F15D069009F1282 /* ASKit */,
				4BF7BA721F15D069009F1282 /* ASKitTests */,
				4BF7BA7D1F15D069009F1282 /* ASKitUITests */,
				4BF7BA571F15D069009F1282 /* Products */,
				DCEE8D78052A702182375F08 /* Pods */,
				B8C4C861FB58AA9D3E4F9B8D /* Frameworks */,
			);
			sourceTree = "<group>";
		};
		4BF7BA571F15D069009F1282 /* Products */ = {
			isa = PBXGroup;
			children = (
				4BF7BA561F15D069009F1282 /* ASKit.app */,
				4BF7BA6F1F15D069009F1282 /* ASKitTests.xctest */,
				4BF7BA7A1F15D069009F1282 /* ASKitUITests.xctest */,
			);
			name = Products;
			sourceTree = "<group>";
		};
		4BF7BA581F15D069009F1282 /* ASKit */ = {
			isa = PBXGroup;
			children = (
				4BF7BA8C1F15EFD2009F1282 /* AppDelegate */,
				4B9CF9F320AEBE3C002F6493 /* Bussiness */,
				4B9CF9F120AEBE3C002F6493 /* Library */,
				4B9CF9F020AEBE3C002F6493 /* Resources */,
				4B9CF9F220AEBE3C002F6493 /* WebService */,
				4BF7BA621F15D069009F1282 /* Main.storyboard */,
				4BF7BA651F15D069009F1282 /* Assets.xcassets */,
				4BF7BA671F15D069009F1282 /* LaunchScreen.storyboard */,
				4BF7BA6A1F15D069009F1282 /* Info.plist */,
				4BF7BA591F15D069009F1282 /* Supporting Files */,
			);
			path = ASKit;
			sourceTree = "<group>";
		};
		4BF7BA591F15D069009F1282 /* Supporting Files */ = {
			isa = PBXGroup;
			children = (
				4BF7BA5A1F15D069009F1282 /* main.m */,
			);
			name = "Supporting Files";
			sourceTree = "<group>";
		};
		4BF7BA721F15D069009F1282 /* ASKitTests */ = {
			isa = PBXGroup;
			children = (
				4BF7BA731F15D069009F1282 /* ASKitTests.m */,
				4BF7BA751F15D069009F1282 /* Info.plist */,
			);
			path = ASKitTests;
			sourceTree = "<group>";
		};
		4BF7BA7D1F15D069009F1282 /* ASKitUITests */ = {
			isa = PBXGroup;
			children = (
				4BF7BA7E1F15D069009F1282 /* ASKitUITests.m */,
				4BF7BA801F15D069009F1282 /* Info.plist */,
			);
			path = ASKitUITests;
			sourceTree = "<group>";
		};
		4BF7BA8C1F15EFD2009F1282 /* AppDelegate */ = {
			isa = PBXGroup;
			children = (
				4BF7BA8D1F15EFD2009F1282 /* AppDelegate.h */,
				4BF7BA8E1F15EFD2009F1282 /* AppDelegate.m */,
			);
			path = AppDelegate;
			sourceTree = "<group>";
		};
		B8C4C861FB58AA9D3E4F9B8D /* Frameworks */ = {
			isa = PBXGroup;
			children = (
				8E1C8FFC2C3210B144082435 /* libPods-ASKit.a */,
			);
			name = Frameworks;
			sourceTree = "<group>";
		};
		DCEE8D78052A702182375F08 /* Pods */ = {
			isa = PBXGroup;
			children = (
				7692899619433E1ACDEFCB77 /* Pods-ASKit.debug.xcconfig */,
				67748E78E4C3FF60897A3FF3 /* Pods-ASKit.release.xcconfig */,
			);
			name = Pods;
			sourceTree = "<group>";
		};
/* End PBXGroup section */

/* Begin PBXNativeTarget section */
		4BF7BA551F15D069009F1282 /* ASKit */ = {
			isa = PBXNativeTarget;
			buildConfigurationList = 4BF7BA831F15D069009F1282 /* Build configuration list for PBXNativeTarget "ASKit" */;
			buildPhases = (
				2C91D6B52A000F35BFE373A2 /* [CP] Check Pods Manifest.lock */,
				4BF7BA521F15D069009F1282 /* Sources */,
				4BF7BA531F15D069009F1282 /* Frameworks */,
				4BF7BA541F15D069009F1282 /* Resources */,
				0599DFC8AD7DE4A4F7CD2F04 /* [CP] Embed Pods Frameworks */,
				1AE08EB937FC8DB494725654 /* [CP] Copy Pods Resources */,
			);
			buildRules = (
			);
			dependencies = (
			);
			name = ASKit;
			productName = ASKit;
			productReference = 4BF7BA561F15D069009F1282 /* ASKit.app */;
			productType = "com.apple.product-type.application";
		};
		4BF7BA6E1F15D069009F1282 /* ASKitTests */ = {
			isa = PBXNativeTarget;
			buildConfigurationList = 4BF7BA861F15D069009F1282 /* Build configuration list for PBXNativeTarget "ASKitTests" */;
			buildPhases = (
				4BF7BA6B1F15D069009F1282 /* Sources */,
				4BF7BA6C1F15D069009F1282 /* Frameworks */,
				4BF7BA6D1F15D069009F1282 /* Resources */,
			);
			buildRules = (
			);
			dependencies = (
				4BF7BA711F15D069009F1282 /* PBXTargetDependency */,
			);
			name = ASKitTests;
			productName = ASKitTests;
			productReference = 4BF7BA6F1F15D069009F1282 /* ASKitTests.xctest */;
			productType = "com.apple.product-type.bundle.unit-test";
		};
		4BF7BA791F15D069009F1282 /* ASKitUITests */ = {
			isa = PBXNativeTarget;
			buildConfigurationList = 4BF7BA891F15D069009F1282 /* Build configuration list for PBXNativeTarget "ASKitUITests" */;
			buildPhases = (
				4BF7BA761F15D069009F1282 /* Sources */,
				4BF7BA771F15D069009F1282 /* Frameworks */,
				4BF7BA781F15D069009F1282 /* Resources */,
			);
			buildRules = (
			);
			dependencies = (
				4BF7BA7C1F15D069009F1282 /* PBXTargetDependency */,
			);
			name = ASKitUITests;
			productName = ASKitUITests;
			productReference = 4BF7BA7A1F15D069009F1282 /* ASKitUITests.xctest */;
			productType = "com.apple.product-type.bundle.ui-testing";
		};
/* End PBXNativeTarget section */

/* Begin PBXProject section */
		4BF7BA4E1F15D069009F1282 /* Project object */ = {
			isa = PBXProject;
			attributes = {
				LastUpgradeCheck = 0810;
				ORGANIZATIONNAME = AdamShi;
				TargetAttributes = {
					4BF7BA551F15D069009F1282 = {
						CreatedOnToolsVersion = 8.1;
						DevelopmentTeam = A9F45UG9ER;
						ProvisioningStyle = Automatic;
					};
					4BF7BA6E1F15D069009F1282 = {
						CreatedOnToolsVersion = 8.1;
						DevelopmentTeam = A9F45UG9ER;
						ProvisioningStyle = Automatic;
						TestTargetID = 4BF7BA551F15D069009F1282;
					};
					4BF7BA791F15D069009F1282 = {
						CreatedOnToolsVersion = 8.1;
						DevelopmentTeam = A9F45UG9ER;
						ProvisioningStyle = Automatic;
						TestTargetID = 4BF7BA551F15D069009F1282;
					};
				};
			};
			buildConfigurationList = 4BF7BA511F15D069009F1282 /* Build configuration list for PBXProject "ASKit" */;
			compatibilityVersion = "Xcode 3.2";
			developmentRegion = English;
			hasScannedForEncodings = 0;
			knownRegions = (
				en,
				Base,
			);
			mainGroup = 4BF7BA4D1F15D069009F1282;
			productRefGroup = 4BF7BA571F15D069009F1282 /* Products */;
			projectDirPath = "";
			projectRoot = "";
			targets = (
				4BF7BA551F15D069009F1282 /* ASKit */,
				4BF7BA6E1F15D069009F1282 /* ASKitTests */,
				4BF7BA791F15D069009F1282 /* ASKitUITests */,
			);
		};
/* End PBXProject section */

/* Begin PBXResourcesBuildPhase section */
		4BF7BA541F15D069009F1282 /* Resources */ = {
			isa = PBXResourcesBuildPhase;
			buildActionMask = 2147483647;
			files = (
				4BF7BA691F15D069009F1282 /* LaunchScreen.storyboard in Resources */,
				4BF7BA661F15D069009F1282 /* Assets.xcassets in Resources */,
				4BF7BA641F15D069009F1282 /* Main.storyboard in Resources */,
			);
			runOnlyForDeploymentPostprocessing = 0;
		};
		4BF7BA6D1F15D069009F1282 /* Resources */ = {
			isa = PBXResourcesBuildPhase;
			buildActionMask = 2147483647;
			files = (
			);
			runOnlyForDeploymentPostprocessing = 0;
		};
		4BF7BA781F15D069009F1282 /* Resources */ = {
			isa = PBXResourcesBuildPhase;
			buildActionMask = 2147483647;
			files = (
			);
			runOnlyForDeploymentPostprocessing = 0;
		};
/* End PBXResourcesBuildPhase section */

/* Begin PBXShellScriptBuildPhase section */
		0599DFC8AD7DE4A4F7CD2F04 /* [CP] Embed Pods Frameworks */ = {
			isa = PBXShellScriptBuildPhase;
			buildActionMask = 2147483647;
			files = (
			);
			inputPaths = (
			);
			name = "[CP] Embed Pods Frameworks";
			outputPaths = (
			);
			runOnlyForDeploymentPostprocessing = 0;
			shellPath = /bin/sh;
			shellScript = "\"${SRCROOT}/Pods/Target Support Files/Pods-ASKit/Pods-ASKit-frameworks.sh\"\n";
			showEnvVarsInLog = 0;
		};
		1AE08EB937FC8DB494725654 /* [CP] Copy Pods Resources */ = {
			isa = PBXShellScriptBuildPhase;
			buildActionMask = 2147483647;
			files = (
			);
			inputPaths = (
			);
			name = "[CP] Copy Pods Resources";
			outputPaths = (
			);
			runOnlyForDeploymentPostprocessing = 0;
			shellPath = /bin/sh;
			shellScript = "\"${SRCROOT}/Pods/Target Support Files/Pods-ASKit/Pods-ASKit-resources.sh\"\n";
			showEnvVarsInLog = 0;
		};
		2C91D6B52A000F35BFE373A2 /* [CP] Check Pods Manifest.lock */ = {
			isa = PBXShellScriptBuildPhase;
			buildActionMask = 2147483647;
			files = (
			);
			inputPaths = (
			);
			name = "[CP] Check Pods Manifest.lock";
			outputPaths = (
			);
			runOnlyForDeploymentPostprocessing = 0;
			shellPath = /bin/sh;
			shellScript = "diff \"${PODS_PODFILE_DIR_PATH}/Podfile.lock\" \"${PODS_ROOT}/Manifest.lock\" > /dev/null\nif [ $? != 0 ] ; then\n    # print error to STDERR\n    echo \"error: The sandbox is not in sync with the Podfile.lock. Run 'pod install' or update your CocoaPods installation.\" >&2\n    exit 1\nfi\n";
			showEnvVarsInLog = 0;
		};
/* End PBXShellScriptBuildPhase section */

/* Begin PBXSourcesBuildPhase section */
		4BF7BA521F15D069009F1282 /* Sources */ = {
			isa = PBXSourcesBuildPhase;
			buildActionMask = 2147483647;
			files = (
				4BF7BA931F15EFD2009F1282 /* AppDelegate.m in Sources */,
				4BF7BA5B1F15D069009F1282 /* main.m in Sources */,
			);
			runOnlyForDeploymentPostprocessing = 0;
		};
		4BF7BA6B1F15D069009F1282 /* Sources */ = {
			isa = PBXSourcesBuildPhase;
			buildActionMask = 2147483647;
			files = (
				4BF7BA741F15D069009F1282 /* ASKitTests.m in Sources */,
			);
			runOnlyForDeploymentPostprocessing = 0;
		};
		4BF7BA761F15D069009F1282 /* Sources */ = {
			isa = PBXSourcesBuildPhase;
			buildActionMask = 2147483647;
			files = (
				4BF7BA7F1F15D069009F1282 /* ASKitUITests.m in Sources */,
			);
			runOnlyForDeploymentPostprocessing = 0;
		};
/* End PBXSourcesBuildPhase section */

/* Begin PBXTargetDependency section */
		4BF7BA711F15D069009F1282 /* PBXTargetDependency */ = {
			isa = PBXTargetDependency;
			target = 4BF7BA551F15D069009F1282 /* ASKit */;
			targetProxy = 4BF7BA701F15D069009F1282 /* PBXContainerItemProxy */;
		};
		4BF7BA7C1F15D069009F1282 /* PBXTargetDependency */ = {
			isa = PBXTargetDependency;
			target = 4BF7BA551F15D069009F1282 /* ASKit */;
			targetProxy = 4BF7BA7B1F15D069009F1282 /* PBXContainerItemProxy */;
		};
/* End PBXTargetDependency section */

/* Begin PBXVariantGroup section */
		4BF7BA621F15D069009F1282 /* Main.storyboard */ = {
			isa = PBXVariantGroup;
			children = (
				4BF7BA631F15D069009F1282 /* Base */,
			);
			name = Main.storyboard;
			sourceTree = "<group>";
		};
		4BF7BA671F15D069009F1282 /* LaunchScreen.storyboard */ = {
			isa = PBXVariantGroup;
			children = (
				4BF7BA681F15D069009F1282 /* Base */,
			);
			name = LaunchScreen.storyboard;
			sourceTree = "<group>";
		};
/* End PBXVariantGroup section */

/* Begin XCBuildConfiguration section */
		4BF7BA811F15D069009F1282 /* Debug */ = {
			isa = XCBuildConfiguration;
			buildSettings = {
				ALWAYS_SEARCH_USER_PATHS = NO;
				CLANG_ANALYZER_NONNULL = YES;
				CLANG_CXX_LANGUAGE_STANDARD = "gnu++0x";
				CLANG_CXX_LIBRARY = "libc++";
				CLANG_ENABLE_MODULES = YES;
				CLANG_ENABLE_OBJC_ARC = YES;
				CLANG_WARN_BOOL_CONVERSION = YES;
				CLANG_WARN_CONSTANT_CONVERSION = YES;
				CLANG_WARN_DIRECT_OBJC_ISA_USAGE = YES_ERROR;
				CLANG_WARN_DOCUMENTATION_COMMENTS = YES;
				CLANG_WARN_EMPTY_BODY = YES;
				CLANG_WARN_ENUM_CONVERSION = YES;
				CLANG_WARN_INFINITE_RECURSION = YES;
				CLANG_WARN_INT_CONVERSION = YES;
				CLANG_WARN_OBJC_ROOT_CLASS = YES_ERROR;
				CLANG_WARN_SUSPICIOUS_MOVES = YES;
				CLANG_WARN_UNREACHABLE_CODE = YES;
				CLANG_WARN__DUPLICATE_METHOD_MATCH = YES;
				"CODE_SIGN_IDENTITY[sdk=iphoneos*]" = "iPhone Developer";
				COPY_PHASE_STRIP = NO;
				DEBUG_INFORMATION_FORMAT = dwarf;
				ENABLE_STRICT_OBJC_MSGSEND = YES;
				ENABLE_TESTABILITY = YES;
				GCC_C_LANGUAGE_STANDARD = gnu99;
				GCC_DYNAMIC_NO_PIC = NO;
				GCC_NO_COMMON_BLOCKS = YES;
				GCC_OPTIMIZATION_LEVEL = 0;
				GCC_PREPROCESSOR_DEFINITIONS = (
					"DEBUG=1",
					"$(inherited)",
				);
				GCC_WARN_64_TO_32_BIT_CONVERSION = YES;
				GCC_WARN_ABOUT_RETURN_TYPE = YES_ERROR;
				GCC_WARN_UNDECLARED_SELECTOR = YES;
				GCC_WARN_UNINITIALIZED_AUTOS = YES_AGGRESSIVE;
				GCC_WARN_UNUSED_FUNCTION = YES;
				GCC_WARN_UNUSED_VARIABLE = YES;
				IPHONEOS_DEPLOYMENT_TARGET = 10.1;
				MTL_ENABLE_DEBUG_INFO = YES;
				ONLY_ACTIVE_ARCH = YES;
				SDKROOT = iphoneos;
				TARGETED_DEVICE_FAMILY = "1,2";
			};
			name = Debug;
		};
		4BF7BA821F15D069009F1282 /* Release */ = {
			isa = XCBuildConfiguration;
			buildSettings = {
				ALWAYS_SEARCH_USER_PATHS = NO;
				CLANG_ANALYZER_NONNULL = YES;
				CLANG_CXX_LANGUAGE_STANDARD = "gnu++0x";
				CLANG_CXX_LIBRARY = "libc++";
				CLANG_ENABLE_MODULES = YES;
				CLANG_ENABLE_OBJC_ARC = YES;
				CLANG_WARN_BOOL_CONVERSION = YES;
				CLANG_WARN_CONSTANT_CONVERSION = YES;
				CLANG_WARN_DIRECT_OBJC_ISA_USAGE = YES_ERROR;
				CLANG_WARN_DOCUMENTATION_COMMENTS = YES;
				CLANG_WARN_EMPTY_BODY = YES;
				CLANG_WARN_ENUM_CONVERSION = YES;
				CLANG_WARN_INFINITE_RECURSION = YES;
				CLANG_WARN_INT_CONVERSION = YES;
				CLANG_WARN_OBJC_ROOT_CLASS = YES_ERROR;
				CLANG_WARN_SUSPICIOUS_MOVES = YES;
				CLANG_WARN_UNREACHABLE_CODE = YES;
				CLANG_WARN__DUPLICATE_METHOD_MATCH = YES;
				"CODE_SIGN_IDENTITY[sdk=iphoneos*]" = "iPhone Developer";
				COPY_PHASE_STRIP = NO;
				DEBUG_INFORMATION_FORMAT = "dwarf-with-dsym";
				ENABLE_NS_ASSERTIONS = NO;
				ENABLE_STRICT_OBJC_MSGSEND = YES;
				GCC_C_LANGUAGE_STANDARD = gnu99;
				GCC_NO_COMMON_BLOCKS = YES;
				GCC_WARN_64_TO_32_BIT_CONVERSION = YES;
				GCC_WARN_ABOUT_RETURN_TYPE = YES_ERROR;
				GCC_WARN_UNDECLARED_SELECTOR = YES;
				GCC_WARN_UNINITIALIZED_AUTOS = YES_AGGRESSIVE;
				GCC_WARN_UNUSED_FUNCTION = YES;
				GCC_WARN_UNUSED_VARIABLE = YES;
				IPHONEOS_DEPLOYMENT_TARGET = 10.1;
				MTL_ENABLE_DEBUG_INFO = NO;
				SDKROOT = iphoneos;
				TARGETED_DEVICE_FAMILY = "1,2";
				VALIDATE_PRODUCT = YES;
			};
			name = Release;
		};
		4BF7BA841F15D069009F1282 /* Debug */ = {
			isa = XCBuildConfiguration;
			baseConfigurationReference = 7692899619433E1ACDEFCB77 /* Pods-ASKit.debug.xcconfig */;
			buildSettings = {
				ASSETCATALOG_COMPILER_APPICON_NAME = AppIcon;
				DEVELOPMENT_TEAM = A9F45UG9ER;
				INFOPLIST_FILE = ASKit/Info.plist;
				IPHONEOS_DEPLOYMENT_TARGET = 8.0;
				LD_RUNPATH_SEARCH_PATHS = "$(inherited) @executable_path/Frameworks";
				PRODUCT_BUNDLE_IDENTIFIER = com.AdamShi.ASKit;
				PRODUCT_NAME = "$(TARGET_NAME)";
			};
			name = Debug;
		};
		4BF7BA851F15D069009F1282 /* Release */ = {
			isa = XCBuildConfiguration;
			baseConfigurationReference = 67748E78E4C3FF60897A3FF3 /* Pods-ASKit.release.xcconfig */;
			buildSettings = {
				ASSETCATALOG_COMPILER_APPICON_NAME = AppIcon;
				DEVELOPMENT_TEAM = A9F45UG9ER;
				INFOPLIST_FILE = ASKit/Info.plist;
				IPHONEOS_DEPLOYMENT_TARGET = 8.0;
				LD_RUNPATH_SEARCH_PATHS = "$(inherited) @executable_path/Frameworks";
				PRODUCT_BUNDLE_IDENTIFIER = com.AdamShi.ASKit;
				PRODUCT_NAME = "$(TARGET_NAME)";
			};
			name = Release;
		};
		4BF7BA871F15D069009F1282 /* Debug */ = {
			isa = XCBuildConfiguration;
			buildSettings = {
				BUNDLE_LOADER = "$(TEST_HOST)";
				DEVELOPMENT_TEAM = A9F45UG9ER;
				INFOPLIST_FILE = ASKitTests/Info.plist;
				LD_RUNPATH_SEARCH_PATHS = "$(inherited) @executable_path/Frameworks @loader_path/Frameworks";
				PRODUCT_BUNDLE_IDENTIFIER = com.AdamShi.ASKitTests;
				PRODUCT_NAME = "$(TARGET_NAME)";
				TEST_HOST = "$(BUILT_PRODUCTS_DIR)/ASKit.app/ASKit";
			};
			name = Debug;
		};
		4BF7BA881F15D069009F1282 /* Release */ = {
			isa = XCBuildConfiguration;
			buildSettings = {
				BUNDLE_LOADER = "$(TEST_HOST)";
				DEVELOPMENT_TEAM = A9F45UG9ER;
				INFOPLIST_FILE = ASKitTests/Info.plist;
				LD_RUNPATH_SEARCH_PATHS = "$(inherited) @executable_path/Frameworks @loader_path/Frameworks";
				PRODUCT_BUNDLE_IDENTIFIER = com.AdamShi.ASKitTests;
				PRODUCT_NAME = "$(TARGET_NAME)";
				TEST_HOST = "$(BUILT_PRODUCTS_DIR)/ASKit.app/ASKit";
			};
			name = Release;
		};
		4BF7BA8A1F15D069009F1282 /* Debug */ = {
			isa = XCBuildConfiguration;
			buildSettings = {
				DEVELOPMENT_TEAM = A9F45UG9ER;
				INFOPLIST_FILE = ASKitUITests/Info.plist;
				LD_RUNPATH_SEARCH_PATHS = "$(inherited) @executable_path/Frameworks @loader_path/Frameworks";
				PRODUCT_BUNDLE_IDENTIFIER = com.AdamShi.ASKitUITests;
				PRODUCT_NAME = "$(TARGET_NAME)";
				TEST_TARGET_NAME = ASKit;
			};
			name = Debug;
		};
		4BF7BA8B1F15D069009F1282 /* Release */ = {
			isa = XCBuildConfiguration;
			buildSettings = {
				DEVELOPMENT_TEAM = A9F45UG9ER;
				INFOPLIST_FILE = ASKitUITests/Info.plist;
				LD_RUNPATH_SEARCH_PATHS = "$(inherited) @executable_path/Frameworks @loader_path/Frameworks";
				PRODUCT_BUNDLE_IDENTIFIER = com.AdamShi.ASKitUITests;
				PRODUCT_NAME = "$(TARGET_NAME)";
				TEST_TARGET_NAME = ASKit;
			};
			name = Release;
		};
/* End XCBuildConfiguration section */

/* Begin XCConfigurationList section */
		4BF7BA511F15D069009F1282 /* Build configuration list for PBXProject "ASKit" */ = {
			isa = XCConfigurationList;
			buildConfigurations = (
				4BF7BA811F15D069009F1282 /* Debug */,
				4BF7BA821F15D069009F1282 /* Release */,
			);
			defaultConfigurationIsVisible = 0;
			defaultConfigurationName = Release;
		};
		4BF7BA831F15D069009F1282 /* Build configuration list for PBXNativeTarget "ASKit" */ = {
			isa = XCConfigurationList;
			buildConfigurations = (
				4BF7BA841F15D069009F1282 /* Debug */,
				4BF7BA851F15D069009F1282 /* Release */,
			);
			defaultConfigurationIsVisible = 0;
			defaultConfigurationName = Release;
		};
		4BF7BA861F15D069009F1282 /* Build configuration list for PBXNativeTarget "ASKitTests" */ = {
			isa = XCConfigurationList;
			buildConfigurations = (
				4BF7BA871F15D069009F1282 /* Debug */,
				4BF7BA881F15D069009F1282 /* Release */,
			);
			defaultConfigurationIsVisible = 0;
			defaultConfigurationName = Release;
		};
		4BF7BA891F15D069009F1282 /* Build configuration list for PBXNativeTarget "ASKitUITests" */ = {
			isa = XCConfigurationList;
			buildConfigurations = (
				4BF7BA8A1F15D069009F1282 /* Debug */,
				4BF7BA8B1F15D069009F1282 /* Release */,
			);
			defaultConfigurationIsVisible = 0;
			defaultConfigurationName = Release;
		};
/* End XCConfigurationList section */
	};
	rootObject = 4BF7BA4E1F15D069009F1282 /* Project object */;
}
