// !$*UTF8*$!
{
	archiveVersion = 1;
	classes = {
	};
	objectVersion = 46;
	objects = {

/* Begin PBXBuildFile section */
		4B45E3BA2107225800E1A9A0 /* ASCacheManager.m in Sources */ = {isa = PBXBuildFile; fileRef = 4B45E3B92107225800E1A9A0 /* ASCacheManager.m */; };
		4B45E3BD210728B300E1A9A0 /* ASHTTPSessionManager.m in Sources */ = {isa = PBXBuildFile; fileRef = 4B45E3BC210728B300E1A9A0 /* ASHTTPSessionManager.m */; };
		4B45E3C02109BEB900E1A9A0 /* ASHostModel.m in Sources */ = {isa = PBXBuildFile; fileRef = 4B45E3BF2109BEB900E1A9A0 /* ASHostModel.m */; };
		4B45E3C32109BECD00E1A9A0 /* ASHostManager.m in Sources */ = {isa = PBXBuildFile; fileRef = 4B45E3C22109BECD00E1A9A0 /* ASHostManager.m */; };
		4B45E3CB210ABCEF00E1A9A0 /* ASHostViewController.m in Sources */ = {isa = PBXBuildFile; fileRef = 4B45E3CA210ABCEF00E1A9A0 /* ASHostViewController.m */; };
		4B45E3CE210AC0E400E1A9A0 /* ASHostTableViewCell.m in Sources */ = {isa = PBXBuildFile; fileRef = 4B45E3CD210AC0E400E1A9A0 /* ASHostTableViewCell.m */; };
		4B45E3D1210B21F200E1A9A0 /* ASNetWorking.m in Sources */ = {isa = PBXBuildFile; fileRef = 4B45E3D0210B21F200E1A9A0 /* ASNetWorking.m */; };
		4B45E3D4210EB6AC00E1A9A0 /* ASNetWorkingSetting.m in Sources */ = {isa = PBXBuildFile; fileRef = 4B45E3D3210EB6AC00E1A9A0 /* ASNetWorkingSetting.m */; };
		4B45E3FD2112F7B200E1A9A0 /* ASTableView.m in Sources */ = {isa = PBXBuildFile; fileRef = 4B45E3FC2112F7B200E1A9A0 /* ASTableView.m */; };
		4B45E4012112FB3500E1A9A0 /* ASCollectionView.m in Sources */ = {isa = PBXBuildFile; fileRef = 4B45E4002112FB3500E1A9A0 /* ASCollectionView.m */; };
		4B45E4082114419500E1A9A0 /* ASRefreshNormalHeader.m in Sources */ = {isa = PBXBuildFile; fileRef = 4B45E4072114419500E1A9A0 /* ASRefreshNormalHeader.m */; };
		4B45E40B211441AB00E1A9A0 /* ASRefreshGifHeader.m in Sources */ = {isa = PBXBuildFile; fileRef = 4B45E40A211441AB00E1A9A0 /* ASRefreshGifHeader.m */; };
		4B45E41A211446BF00E1A9A0 /* ASRefreshBackNormalFooter.m in Sources */ = {isa = PBXBuildFile; fileRef = 4B45E419211446BF00E1A9A0 /* ASRefreshBackNormalFooter.m */; };
		4B45E41D21144B0100E1A9A0 /* ASRefreshBackGifFooter.m in Sources */ = {isa = PBXBuildFile; fileRef = 4B45E41C21144B0100E1A9A0 /* ASRefreshBackGifFooter.m */; };
		4B45E42021144B3000E1A9A0 /* ASRefreshAutoNormalFooter.m in Sources */ = {isa = PBXBuildFile; fileRef = 4B45E41F21144B3000E1A9A0 /* ASRefreshAutoNormalFooter.m */; };
		4B45E42321144B9700E1A9A0 /* ASRefreshAutoGifFooter.m in Sources */ = {isa = PBXBuildFile; fileRef = 4B45E42221144B9700E1A9A0 /* ASRefreshAutoGifFooter.m */; };
		4B687C3620B3F6BF00FCFE96 /* ASTabBarViewController.m in Sources */ = {isa = PBXBuildFile; fileRef = 4B687C3520B3F6BF00FCFE96 /* ASTabBarViewController.m */; };
		4B687C3D20B4107900FCFE96 /* UIView+Addition.m in Sources */ = {isa = PBXBuildFile; fileRef = 4B687C3C20B4107900FCFE96 /* UIView+Addition.m */; };
		4B687C4020B4116E00FCFE96 /* ASTabBarView.m in Sources */ = {isa = PBXBuildFile; fileRef = 4B687C3F20B4116E00FCFE96 /* ASTabBarView.m */; };
		4B687C4920B50E3600FCFE96 /* ASHomeViewController.m in Sources */ = {isa = PBXBuildFile; fileRef = 4B687C4820B50E3600FCFE96 /* ASHomeViewController.m */; };
		4B687C4C20B50E5500FCFE96 /* ASMySelfViewController.m in Sources */ = {isa = PBXBuildFile; fileRef = 4B687C4B20B50E5500FCFE96 /* ASMySelfViewController.m */; };
		4B687C4F20B50E6400FCFE96 /* ASMessengeViewController.m in Sources */ = {isa = PBXBuildFile; fileRef = 4B687C4E20B50E6400FCFE96 /* ASMessengeViewController.m */; };
		4B687C5220B50E7100FCFE96 /* ASVideoViewController.m in Sources */ = {isa = PBXBuildFile; fileRef = 4B687C5120B50E7100FCFE96 /* ASVideoViewController.m */; };
		4B687C5720B658B900FCFE96 /* ASNavigationViewController.m in Sources */ = {isa = PBXBuildFile; fileRef = 4B687C5620B658B900FCFE96 /* ASNavigationViewController.m */; };
		4B687C9920B6C1CB00FCFE96 /* ASBaseViewController.m in Sources */ = {isa = PBXBuildFile; fileRef = 4B687C9820B6C1CB00FCFE96 /* ASBaseViewController.m */; };
		4B687CA020B6CA2F00FCFE96 /* ASTopView.m in Sources */ = {isa = PBXBuildFile; fileRef = 4B687C9F20B6CA2F00FCFE96 /* ASTopView.m */; };
		4B69D3F320B2B272007DA1B6 /* Reachability.m in Sources */ = {isa = PBXBuildFile; fileRef = 4B69D3F120B2B272007DA1B6 /* Reachability.m */; };
		4B7EFAAA20D11EBE003ED957 /* ASLoadingManager.m in Sources */ = {isa = PBXBuildFile; fileRef = 4B7EFAA920D11EBE003ED957 /* ASLoadingManager.m */; };
		4B7EFAAD20D11ED2003ED957 /* ASToastManager.m in Sources */ = {isa = PBXBuildFile; fileRef = 4B7EFAAC20D11ED2003ED957 /* ASToastManager.m */; };
		4B95158220D246F700303BF2 /* ASUserDefaultManager.m in Sources */ = {isa = PBXBuildFile; fileRef = 4B95158120D246F700303BF2 /* ASUserDefaultManager.m */; };
		4BF7BA5B1F15D069009F1282 /* main.m in Sources */ = {isa = PBXBuildFile; fileRef = 4BF7BA5A1F15D069009F1282 /* main.m */; };
		4BF7BA641F15D069009F1282 /* Main.storyboard in Resources */ = {isa = PBXBuildFile; fileRef = 4BF7BA621F15D069009F1282 /* Main.storyboard */; };
		4BF7BA661F15D069009F1282 /* Assets.xcassets in Resources */ = {isa = PBXBuildFile; fileRef = 4BF7BA651F15D069009F1282 /* Assets.xcassets */; };
		4BF7BA691F15D069009F1282 /* LaunchScreen.storyboard in Resources */ = {isa = PBXBuildFile; fileRef = 4BF7BA671F15D069009F1282 /* LaunchScreen.storyboard */; };
		4BF7BA741F15D069009F1282 /* ASKitTests.m in Sources */ = {isa = PBXBuildFile; fileRef = 4BF7BA731F15D069009F1282 /* ASKitTests.m */; };
		4BF7BA7F1F15D069009F1282 /* ASKitUITests.m in Sources */ = {isa = PBXBuildFile; fileRef = 4BF7BA7E1F15D069009F1282 /* ASKitUITests.m */; };
		4BF7BA931F15EFD2009F1282 /* AppDelegate.m in Sources */ = {isa = PBXBuildFile; fileRef = 4BF7BA8E1F15EFD2009F1282 /* AppDelegate.m */; };
		EF437DC73044F5A8BF237197 /* Pods_ASKit.framework in Frameworks */ = {isa = PBXBuildFile; fileRef = 287F88BAC4C738923C3B670F /* Pods_ASKit.framework */; };
/* End PBXBuildFile section */

/* Begin PBXContainerItemProxy section */
		4BF7BA701F15D069009F1282 /* PBXContainerItemProxy */ = {
			isa = PBXContainerItemProxy;
			containerPortal = 4BF7BA4E1F15D069009F1282 /* Project object */;
			proxyType = 1;
			remoteGlobalIDString = 4BF7BA551F15D069009F1282;
			remoteInfo = ASKit;
		};
		4BF7BA7B1F15D069009F1282 /* PBXContainerItemProxy */ = {
			isa = PBXContainerItemProxy;
			containerPortal = 4BF7BA4E1F15D069009F1282 /* Project object */;
			proxyType = 1;
			remoteGlobalIDString = 4BF7BA551F15D069009F1282;
			remoteInfo = ASKit;
		};
/* End PBXContainerItemProxy section */

/* Begin PBXFileReference section */
		287F88BAC4C738923C3B670F /* Pods_ASKit.framework */ = {isa = PBXFileReference; explicitFileType = wrapper.framework; includeInIndex = 0; path = Pods_ASKit.framework; sourceTree = BUILT_PRODUCTS_DIR; };
		4B45E3B82107225800E1A9A0 /* ASCacheManager.h */ = {isa = PBXFileReference; lastKnownFileType = sourcecode.c.h; path = ASCacheManager.h; sourceTree = "<group>"; };
		4B45E3B92107225800E1A9A0 /* ASCacheManager.m */ = {isa = PBXFileReference; lastKnownFileType = sourcecode.c.objc; path = ASCacheManager.m; sourceTree = "<group>"; };
		4B45E3BB210728B300E1A9A0 /* ASHTTPSessionManager.h */ = {isa = PBXFileReference; lastKnownFileType = sourcecode.c.h; path = ASHTTPSessionManager.h; sourceTree = "<group>"; };
		4B45E3BC210728B300E1A9A0 /* ASHTTPSessionManager.m */ = {isa = PBXFileReference; lastKnownFileType = sourcecode.c.objc; path = ASHTTPSessionManager.m; sourceTree = "<group>"; };
		4B45E3BE2109BEB900E1A9A0 /* ASHostModel.h */ = {isa = PBXFileReference; lastKnownFileType = sourcecode.c.h; path = ASHostModel.h; sourceTree = "<group>"; };
		4B45E3BF2109BEB900E1A9A0 /* ASHostModel.m */ = {isa = PBXFileReference; lastKnownFileType = sourcecode.c.objc; path = ASHostModel.m; sourceTree = "<group>"; };
		4B45E3C12109BECD00E1A9A0 /* ASHostManager.h */ = {isa = PBXFileReference; lastKnownFileType = sourcecode.c.h; path = ASHostManager.h; sourceTree = "<group>"; };
		4B45E3C22109BECD00E1A9A0 /* ASHostManager.m */ = {isa = PBXFileReference; lastKnownFileType = sourcecode.c.objc; path = ASHostManager.m; sourceTree = "<group>"; };
		4B45E3C9210ABCEF00E1A9A0 /* ASHostViewController.h */ = {isa = PBXFileReference; lastKnownFileType = sourcecode.c.h; path = ASHostViewController.h; sourceTree = "<group>"; };
		4B45E3CA210ABCEF00E1A9A0 /* ASHostViewController.m */ = {isa = PBXFileReference; lastKnownFileType = sourcecode.c.objc; path = ASHostViewController.m; sourceTree = "<group>"; };
		4B45E3CC210AC0E400E1A9A0 /* ASHostTableViewCell.h */ = {isa = PBXFileReference; lastKnownFileType = sourcecode.c.h; path = ASHostTableViewCell.h; sourceTree = "<group>"; };
		4B45E3CD210AC0E400E1A9A0 /* ASHostTableViewCell.m */ = {isa = PBXFileReference; lastKnownFileType = sourcecode.c.objc; path = ASHostTableViewCell.m; sourceTree = "<group>"; };
		4B45E3CF210B21F200E1A9A0 /* ASNetWorking.h */ = {isa = PBXFileReference; lastKnownFileType = sourcecode.c.h; path = ASNetWorking.h; sourceTree = "<group>"; };
		4B45E3D0210B21F200E1A9A0 /* ASNetWorking.m */ = {isa = PBXFileReference; lastKnownFileType = sourcecode.c.objc; path = ASNetWorking.m; sourceTree = "<group>"; };
		4B45E3D2210EB6AC00E1A9A0 /* ASNetWorkingSetting.h */ = {isa = PBXFileReference; lastKnownFileType = sourcecode.c.h; path = ASNetWorkingSetting.h; sourceTree = "<group>"; };
		4B45E3D3210EB6AC00E1A9A0 /* ASNetWorkingSetting.m */ = {isa = PBXFileReference; lastKnownFileType = sourcecode.c.objc; path = ASNetWorkingSetting.m; sourceTree = "<group>"; };
		4B45E3D8210F1BE600E1A9A0 /* ASKeysDefineHeader.h */ = {isa = PBXFileReference; lastKnownFileType = sourcecode.c.h; path = ASKeysDefineHeader.h; sourceTree = "<group>"; };
		4B45E3FB2112F7B200E1A9A0 /* ASTableView.h */ = {isa = PBXFileReference; lastKnownFileType = sourcecode.c.h; path = ASTableView.h; sourceTree = "<group>"; };
		4B45E3FC2112F7B200E1A9A0 /* ASTableView.m */ = {isa = PBXFileReference; lastKnownFileType = sourcecode.c.objc; path = ASTableView.m; sourceTree = "<group>"; };
		4B45E3FF2112FB3500E1A9A0 /* ASCollectionView.h */ = {isa = PBXFileReference; lastKnownFileType = sourcecode.c.h; path = ASCollectionView.h; sourceTree = "<group>"; };
		4B45E4002112FB3500E1A9A0 /* ASCollectionView.m */ = {isa = PBXFileReference; lastKnownFileType = sourcecode.c.objc; path = ASCollectionView.m; sourceTree = "<group>"; };
		4B45E4062114419500E1A9A0 /* ASRefreshNormalHeader.h */ = {isa = PBXFileReference; lastKnownFileType = sourcecode.c.h; path = ASRefreshNormalHeader.h; sourceTree = "<group>"; };
		4B45E4072114419500E1A9A0 /* ASRefreshNormalHeader.m */ = {isa = PBXFileReference; lastKnownFileType = sourcecode.c.objc; path = ASRefreshNormalHeader.m; sourceTree = "<group>"; };
		4B45E409211441AB00E1A9A0 /* ASRefreshGifHeader.h */ = {isa = PBXFileReference; lastKnownFileType = sourcecode.c.h; path = ASRefreshGifHeader.h; sourceTree = "<group>"; };
		4B45E40A211441AB00E1A9A0 /* ASRefreshGifHeader.m */ = {isa = PBXFileReference; lastKnownFileType = sourcecode.c.objc; path = ASRefreshGifHeader.m; sourceTree = "<group>"; };
		4B45E418211446BF00E1A9A0 /* ASRefreshBackNormalFooter.h */ = {isa = PBXFileReference; lastKnownFileType = sourcecode.c.h; path = ASRefreshBackNormalFooter.h; sourceTree = "<group>"; };
		4B45E419211446BF00E1A9A0 /* ASRefreshBackNormalFooter.m */ = {isa = PBXFileReference; lastKnownFileType = sourcecode.c.objc; path = ASRefreshBackNormalFooter.m; sourceTree = "<group>"; };
		4B45E41B21144B0100E1A9A0 /* ASRefreshBackGifFooter.h */ = {isa = PBXFileReference; lastKnownFileType = sourcecode.c.h; path = ASRefreshBackGifFooter.h; sourceTree = "<group>"; };
		4B45E41C21144B0100E1A9A0 /* ASRefreshBackGifFooter.m */ = {isa = PBXFileReference; lastKnownFileType = sourcecode.c.objc; path = ASRefreshBackGifFooter.m; sourceTree = "<group>"; };
		4B45E41E21144B3000E1A9A0 /* ASRefreshAutoNormalFooter.h */ = {isa = PBXFileReference; lastKnownFileType = sourcecode.c.h; path = ASRefreshAutoNormalFooter.h; sourceTree = "<group>"; };
		4B45E41F21144B3000E1A9A0 /* ASRefreshAutoNormalFooter.m */ = {isa = PBXFileReference; lastKnownFileType = sourcecode.c.objc; path = ASRefreshAutoNormalFooter.m; sourceTree = "<group>"; };
		4B45E42121144B9700E1A9A0 /* ASRefreshAutoGifFooter.h */ = {isa = PBXFileReference; lastKnownFileType = sourcecode.c.h; path = ASRefreshAutoGifFooter.h; sourceTree = "<group>"; };
		4B45E42221144B9700E1A9A0 /* ASRefreshAutoGifFooter.m */ = {isa = PBXFileReference; lastKnownFileType = sourcecode.c.objc; path = ASRefreshAutoGifFooter.m; sourceTree = "<group>"; };
		4B45E42821144F8400E1A9A0 /* ASRefreshView.h */ = {isa = PBXFileReference; lastKnownFileType = sourcecode.c.h; path = ASRefreshView.h; sourceTree = "<group>"; };
		4B687C3420B3F6BF00FCFE96 /* ASTabBarViewController.h */ = {isa = PBXFileReference; lastKnownFileType = sourcecode.c.h; path = ASTabBarViewController.h; sourceTree = "<group>"; };
		4B687C3520B3F6BF00FCFE96 /* ASTabBarViewController.m */ = {isa = PBXFileReference; lastKnownFileType = sourcecode.c.objc; path = ASTabBarViewController.m; sourceTree = "<group>"; };
		4B687C3B20B4107900FCFE96 /* UIView+Addition.h */ = {isa = PBXFileReference; lastKnownFileType = sourcecode.c.h; path = "UIView+Addition.h"; sourceTree = "<group>"; };
		4B687C3C20B4107900FCFE96 /* UIView+Addition.m */ = {isa = PBXFileReference; lastKnownFileType = sourcecode.c.objc; path = "UIView+Addition.m"; sourceTree = "<group>"; };
		4B687C3E20B4116E00FCFE96 /* ASTabBarView.h */ = {isa = PBXFileReference; lastKnownFileType = sourcecode.c.h; path = ASTabBarView.h; sourceTree = "<group>"; };
		4B687C3F20B4116E00FCFE96 /* ASTabBarView.m */ = {isa = PBXFileReference; lastKnownFileType = sourcecode.c.objc; path = ASTabBarView.m; sourceTree = "<group>"; };
		4B687C4220B418E300FCFE96 /* ASMacroDefineHeader.h */ = {isa = PBXFileReference; lastKnownFileType = sourcecode.c.h; path = ASMacroDefineHeader.h; sourceTree = "<group>"; };
		4B687C4720B50E3600FCFE96 /* ASHomeViewController.h */ = {isa = PBXFileReference; lastKnownFileType = sourcecode.c.h; path = ASHomeViewController.h; sourceTree = "<group>"; };
		4B687C4820B50E3600FCFE96 /* ASHomeViewController.m */ = {isa = PBXFileReference; lastKnownFileType = sourcecode.c.objc; path = ASHomeViewController.m; sourceTree = "<group>"; };
		4B687C4A20B50E5500FCFE96 /* ASMySelfViewController.h */ = {isa = PBXFileReference; lastKnownFileType = sourcecode.c.h; path = ASMySelfViewController.h; sourceTree = "<group>"; };
		4B687C4B20B50E5500FCFE96 /* ASMySelfViewController.m */ = {isa = PBXFileReference; lastKnownFileType = sourcecode.c.objc; path = ASMySelfViewController.m; sourceTree = "<group>"; };
		4B687C4D20B50E6400FCFE96 /* ASMessengeViewController.h */ = {isa = PBXFileReference; lastKnownFileType = sourcecode.c.h; path = ASMessengeViewController.h; sourceTree = "<group>"; };
		4B687C4E20B50E6400FCFE96 /* ASMessengeViewController.m */ = {isa = PBXFileReference; lastKnownFileType = sourcecode.c.objc; path = ASMessengeViewController.m; sourceTree = "<group>"; };
		4B687C5020B50E7100FCFE96 /* ASVideoViewController.h */ = {isa = PBXFileReference; lastKnownFileType = sourcecode.c.h; path = ASVideoViewController.h; sourceTree = "<group>"; };
		4B687C5120B50E7100FCFE96 /* ASVideoViewController.m */ = {isa = PBXFileReference; lastKnownFileType = sourcecode.c.objc; path = ASVideoViewController.m; sourceTree = "<group>"; };
		4B687C5520B658B900FCFE96 /* ASNavigationViewController.h */ = {isa = PBXFileReference; lastKnownFileType = sourcecode.c.h; path = ASNavigationViewController.h; sourceTree = "<group>"; };
		4B687C5620B658B900FCFE96 /* ASNavigationViewController.m */ = {isa = PBXFileReference; lastKnownFileType = sourcecode.c.objc; path = ASNavigationViewController.m; sourceTree = "<group>"; };
		4B687C9720B6C1CB00FCFE96 /* ASBaseViewController.h */ = {isa = PBXFileReference; lastKnownFileType = sourcecode.c.h; path = ASBaseViewController.h; sourceTree = "<group>"; };
		4B687C9820B6C1CB00FCFE96 /* ASBaseViewController.m */ = {isa = PBXFileReference; lastKnownFileType = sourcecode.c.objc; path = ASBaseViewController.m; sourceTree = "<group>"; };
		4B687C9E20B6CA2F00FCFE96 /* ASTopView.h */ = {isa = PBXFileReference; lastKnownFileType = sourcecode.c.h; path = ASTopView.h; sourceTree = "<group>"; };
		4B687C9F20B6CA2F00FCFE96 /* ASTopView.m */ = {isa = PBXFileReference; lastKnownFileType = sourcecode.c.objc; path = ASTopView.m; sourceTree = "<group>"; };
		4B69D3F120B2B272007DA1B6 /* Reachability.m */ = {isa = PBXFileReference; fileEncoding = 4; lastKnownFileType = sourcecode.c.objc; path = Reachability.m; sourceTree = "<group>"; };
		4B69D3F220B2B272007DA1B6 /* Reachability.h */ = {isa = PBXFileReference; fileEncoding = 4; lastKnownFileType = sourcecode.c.h; path = Reachability.h; sourceTree = "<group>"; };
		4B69D43220B2BA49007DA1B6 /* PrefixHeader.pch */ = {isa = PBXFileReference; lastKnownFileType = sourcecode.c.h; path = PrefixHeader.pch; sourceTree = "<group>"; };
		4B7EFAA820D11EBE003ED957 /* ASLoadingManager.h */ = {isa = PBXFileReference; lastKnownFileType = sourcecode.c.h; path = ASLoadingManager.h; sourceTree = "<group>"; };
		4B7EFAA920D11EBE003ED957 /* ASLoadingManager.m */ = {isa = PBXFileReference; lastKnownFileType = sourcecode.c.objc; path = ASLoadingManager.m; sourceTree = "<group>"; };
		4B7EFAAB20D11ED2003ED957 /* ASToastManager.h */ = {isa = PBXFileReference; lastKnownFileType = sourcecode.c.h; path = ASToastManager.h; sourceTree = "<group>"; };
		4B7EFAAC20D11ED2003ED957 /* ASToastManager.m */ = {isa = PBXFileReference; lastKnownFileType = sourcecode.c.objc; path = ASToastManager.m; sourceTree = "<group>"; };
		4B95157720D210DA00303BF2 /* ASKit-Bridging-Header.h */ = {isa = PBXFileReference; lastKnownFileType = sourcecode.c.h; path = "ASKit-Bridging-Header.h"; sourceTree = "<group>"; };
		4B95158020D246F700303BF2 /* ASUserDefaultManager.h */ = {isa = PBXFileReference; lastKnownFileType = sourcecode.c.h; path = ASUserDefaultManager.h; sourceTree = "<group>"; };
		4B95158120D246F700303BF2 /* ASUserDefaultManager.m */ = {isa = PBXFileReference; lastKnownFileType = sourcecode.c.objc; path = ASUserDefaultManager.m; sourceTree = "<group>"; };
		4BF7BA561F15D069009F1282 /* ASKit.app */ = {isa = PBXFileReference; explicitFileType = wrapper.application; includeInIndex = 0; path = ASKit.app; sourceTree = BUILT_PRODUCTS_DIR; };
		4BF7BA5A1F15D069009F1282 /* main.m */ = {isa = PBXFileReference; lastKnownFileType = sourcecode.c.objc; path = main.m; sourceTree = "<group>"; };
		4BF7BA631F15D069009F1282 /* Base */ = {isa = PBXFileReference; lastKnownFileType = file.storyboard; name = Base; path = Base.lproj/Main.storyboard; sourceTree = "<group>"; };
		4BF7BA651F15D069009F1282 /* Assets.xcassets */ = {isa = PBXFileReference; lastKnownFileType = folder.assetcatalog; path = Assets.xcassets; sourceTree = "<group>"; };
		4BF7BA681F15D069009F1282 /* Base */ = {isa = PBXFileReference; lastKnownFileType = file.storyboard; name = Base; path = Base.lproj/LaunchScreen.storyboard; sourceTree = "<group>"; };
		4BF7BA6A1F15D069009F1282 /* Info.plist */ = {isa = PBXFileReference; lastKnownFileType = text.plist.xml; path = Info.plist; sourceTree = "<group>"; };
		4BF7BA6F1F15D069009F1282 /* ASKitTests.xctest */ = {isa = PBXFileReference; explicitFileType = wrapper.cfbundle; includeInIndex = 0; path = ASKitTests.xctest; sourceTree = BUILT_PRODUCTS_DIR; };
		4BF7BA731F15D069009F1282 /* ASKitTests.m */ = {isa = PBXFileReference; lastKnownFileType = sourcecode.c.objc; path = ASKitTests.m; sourceTree = "<group>"; };
		4BF7BA751F15D069009F1282 /* Info.plist */ = {isa = PBXFileReference; lastKnownFileType = text.plist.xml; path = Info.plist; sourceTree = "<group>"; };
		4BF7BA7A1F15D069009F1282 /* ASKitUITests.xctest */ = {isa = PBXFileReference; explicitFileType = wrapper.cfbundle; includeInIndex = 0; path = ASKitUITests.xctest; sourceTree = BUILT_PRODUCTS_DIR; };
		4BF7BA7E1F15D069009F1282 /* ASKitUITests.m */ = {isa = PBXFileReference; lastKnownFileType = sourcecode.c.objc; path = ASKitUITests.m; sourceTree = "<group>"; };
		4BF7BA801F15D069009F1282 /* Info.plist */ = {isa = PBXFileReference; lastKnownFileType = text.plist.xml; path = Info.plist; sourceTree = "<group>"; };
		4BF7BA8D1F15EFD2009F1282 /* AppDelegate.h */ = {isa = PBXFileReference; fileEncoding = 4; lastKnownFileType = sourcecode.c.h; path = AppDelegate.h; sourceTree = "<group>"; };
		4BF7BA8E1F15EFD2009F1282 /* AppDelegate.m */ = {isa = PBXFileReference; fileEncoding = 4; lastKnownFileType = sourcecode.c.objc; path = AppDelegate.m; sourceTree = "<group>"; };
		67748E78E4C3FF60897A3FF3 /* Pods-ASKit.release.xcconfig */ = {isa = PBXFileReference; includeInIndex = 1; lastKnownFileType = text.xcconfig; name = "Pods-ASKit.release.xcconfig"; path = "Pods/Target Support Files/Pods-ASKit/Pods-ASKit.release.xcconfig"; sourceTree = "<group>"; };
		7692899619433E1ACDEFCB77 /* Pods-ASKit.debug.xcconfig */ = {isa = PBXFileReference; includeInIndex = 1; lastKnownFileType = text.xcconfig; name = "Pods-ASKit.debug.xcconfig"; path = "Pods/Target Support Files/Pods-ASKit/Pods-ASKit.debug.xcconfig"; sourceTree = "<group>"; };
/* End PBXFileReference section */

/* Begin PBXFrameworksBuildPhase section */
		4BF7BA531F15D069009F1282 /* Frameworks */ = {
			isa = PBXFrameworksBuildPhase;
			buildActionMask = 2147483647;
			files = (
				EF437DC73044F5A8BF237197 /* Pods_ASKit.framework in Frameworks */,
			);
			runOnlyForDeploymentPostprocessing = 0;
		};
		4BF7BA6C1F15D069009F1282 /* Frameworks */ = {
			isa = PBXFrameworksBuildPhase;
			buildActionMask = 2147483647;
			files = (
			);
			runOnlyForDeploymentPostprocessing = 0;
		};
		4BF7BA771F15D069009F1282 /* Frameworks */ = {
			isa = PBXFrameworksBuildPhase;
			buildActionMask = 2147483647;
			files = (
			);
			runOnlyForDeploymentPostprocessing = 0;
		};
/* End PBXFrameworksBuildPhase section */

/* Begin PBXGroup section */
		4B45E3C7210AB0FE00E1A9A0 /* Host */ = {
			isa = PBXGroup;
			children = (
				4B45E3BE2109BEB900E1A9A0 /* ASHostModel.h */,
				4B45E3BF2109BEB900E1A9A0 /* ASHostModel.m */,
				4B45E3C12109BECD00E1A9A0 /* ASHostManager.h */,
				4B45E3C22109BECD00E1A9A0 /* ASHostManager.m */,
				4B45E3C9210ABCEF00E1A9A0 /* ASHostViewController.h */,
				4B45E3CA210ABCEF00E1A9A0 /* ASHostViewController.m */,
				4B45E3CC210AC0E400E1A9A0 /* ASHostTableViewCell.h */,
				4B45E3CD210AC0E400E1A9A0 /* ASHostTableViewCell.m */,
			);
			path = Host;
			sourceTree = "<group>";
		};
		4B45E3C8210AB11A00E1A9A0 /* Cache */ = {
			isa = PBXGroup;
			children = (
				4B45E3B82107225800E1A9A0 /* ASCacheManager.h */,
				4B45E3B92107225800E1A9A0 /* ASCacheManager.m */,
			);
			path = Cache;
			sourceTree = "<group>";
		};
		4B45E3D5210EDA9C00E1A9A0 /* Setting */ = {
			isa = PBXGroup;
			children = (
				4B45E3D2210EB6AC00E1A9A0 /* ASNetWorkingSetting.h */,
				4B45E3D3210EB6AC00E1A9A0 /* ASNetWorkingSetting.m */,
			);
			path = Setting;
			sourceTree = "<group>";
		};
		4B45E3D6210EDAB300E1A9A0 /* HttpSession */ = {
			isa = PBXGroup;
			children = (
				4B45E3BB210728B300E1A9A0 /* ASHTTPSessionManager.h */,
				4B45E3BC210728B300E1A9A0 /* ASHTTPSessionManager.m */,
			);
			path = HttpSession;
			sourceTree = "<group>";
		};
		4B45E3FA2112E2F000E1A9A0 /* ASTableView */ = {
			isa = PBXGroup;
			children = (
				4B45E3FB2112F7B200E1A9A0 /* ASTableView.h */,
				4B45E3FC2112F7B200E1A9A0 /* ASTableView.m */,
			);
			path = ASTableView;
			sourceTree = "<group>";
		};
		4B45E3FE2112FB1700E1A9A0 /* ASCollectionView */ = {
			isa = PBXGroup;
			children = (
				4B45E3FF2112FB3500E1A9A0 /* ASCollectionView.h */,
				4B45E4002112FB3500E1A9A0 /* ASCollectionView.m */,
			);
			path = ASCollectionView;
			sourceTree = "<group>";
		};
		4B45E40321143D1800E1A9A0 /* ASRefreshView */ = {
			isa = PBXGroup;
			children = (
				4B45E42821144F8400E1A9A0 /* ASRefreshView.h */,
				4B45E40421143D4800E1A9A0 /* ASRefreshHeader */,
				4B45E40521143D6100E1A9A0 /* ASRefreshFooter */,
				4B45E3FE2112FB1700E1A9A0 /* ASCollectionView */,
				4B45E3FA2112E2F000E1A9A0 /* ASTableView */,
			);
			path = ASRefreshView;
			sourceTree = "<group>";
		};
		4B45E40421143D4800E1A9A0 /* ASRefreshHeader */ = {
			isa = PBXGroup;
			children = (
				4B45E4062114419500E1A9A0 /* ASRefreshNormalHeader.h */,
				4B45E4072114419500E1A9A0 /* ASRefreshNormalHeader.m */,
				4B45E409211441AB00E1A9A0 /* ASRefreshGifHeader.h */,
				4B45E40A211441AB00E1A9A0 /* ASRefreshGifHeader.m */,
			);
			path = ASRefreshHeader;
			sourceTree = "<group>";
		};
		4B45E40521143D6100E1A9A0 /* ASRefreshFooter */ = {
			isa = PBXGroup;
			children = (
				4B45E418211446BF00E1A9A0 /* ASRefreshBackNormalFooter.h */,
				4B45E419211446BF00E1A9A0 /* ASRefreshBackNormalFooter.m */,
				4B45E41B21144B0100E1A9A0 /* ASRefreshBackGifFooter.h */,
				4B45E41C21144B0100E1A9A0 /* ASRefreshBackGifFooter.m */,
				4B45E41E21144B3000E1A9A0 /* ASRefreshAutoNormalFooter.h */,
				4B45E41F21144B3000E1A9A0 /* ASRefreshAutoNormalFooter.m */,
				4B45E42121144B9700E1A9A0 /* ASRefreshAutoGifFooter.h */,
				4B45E42221144B9700E1A9A0 /* ASRefreshAutoGifFooter.m */,
			);
			path = ASRefreshFooter;
			sourceTree = "<group>";
		};
		4B472D03216F56890074F542 /* SkillTree */ = {
			isa = PBXGroup;
			children = (
				4B472D05216F56A70074F542 /* RunLoop */,
				4B472D04216F56A00074F542 /* RunTime */,
			);
			path = SkillTree;
			sourceTree = "<group>";
		};
		4B472D04216F56A00074F542 /* RunTime */ = {
			isa = PBXGroup;
			children = (
			);
			path = RunTime;
			sourceTree = "<group>";
		};
		4B472D05216F56A70074F542 /* RunLoop */ = {
			isa = PBXGroup;
			children = (
			);
			path = RunLoop;
			sourceTree = "<group>";
		};
		4B67FDC620D119D400A23341 /* ViewControllers */ = {
			isa = PBXGroup;
			children = (
				4B687C9620B6C1AE00FCFE96 /* ASBaseViewController */,
				4B687C5420B6587E00FCFE96 /* ASNavigationController */,
				4B687C3320B3F67800FCFE96 /* ASTabBarViewController */,
			);
			path = ViewControllers;
			sourceTree = "<group>";
		};
		4B67FDC720D119FF00A23341 /* Views */ = {
			isa = PBXGroup;
			children = (
				4B45E40321143D1800E1A9A0 /* ASRefreshView */,
				4B687C9D20B6CA1800FCFE96 /* ASTopView */,
			);
			path = Views;
			sourceTree = "<group>";
		};
		4B67FDC820D11A0D00A23341 /* Managers */ = {
			isa = PBXGroup;
			children = (
				4B7EFAAB20D11ED2003ED957 /* ASToastManager.h */,
				4B7EFAAC20D11ED2003ED957 /* ASToastManager.m */,
				4B7EFAA820D11EBE003ED957 /* ASLoadingManager.h */,
				4B7EFAA920D11EBE003ED957 /* ASLoadingManager.m */,
				4B95158020D246F700303BF2 /* ASUserDefaultManager.h */,
				4B95158120D246F700303BF2 /* ASUserDefaultManager.m */,
			);
			path = Managers;
			sourceTree = "<group>";
		};
		4B687C3120B3F3F300FCFE96 /* Custom */ = {
			isa = PBXGroup;
			children = (
				4B472D03216F56890074F542 /* SkillTree */,
				4B67FDC820D11A0D00A23341 /* Managers */,
				4B67FDC720D119FF00A23341 /* Views */,
				4B67FDC620D119D400A23341 /* ViewControllers */,
			);
			path = Custom;
			sourceTree = "<group>";
		};
		4B687C3220B3F65400FCFE96 /* Vendor */ = {
			isa = PBXGroup;
			children = (
				4B687C3A20B4105100FCFE96 /* UIViewAddition */,
				4B69D3F020B2B272007DA1B6 /* Reachability */,
			);
			path = Vendor;
			sourceTree = "<group>";
		};
		4B687C3320B3F67800FCFE96 /* ASTabBarViewController */ = {
			isa = PBXGroup;
			children = (
				4B687C3420B3F6BF00FCFE96 /* ASTabBarViewController.h */,
				4B687C3520B3F6BF00FCFE96 /* ASTabBarViewController.m */,
				4B687C3E20B4116E00FCFE96 /* ASTabBarView.h */,
				4B687C3F20B4116E00FCFE96 /* ASTabBarView.m */,
			);
			path = ASTabBarViewController;
			sourceTree = "<group>";
		};
		4B687C3A20B4105100FCFE96 /* UIViewAddition */ = {
			isa = PBXGroup;
			children = (
				4B687C3B20B4107900FCFE96 /* UIView+Addition.h */,
				4B687C3C20B4107900FCFE96 /* UIView+Addition.m */,
			);
			path = UIViewAddition;
			sourceTree = "<group>";
		};
		4B687C4320B4FC7B00FCFE96 /* Home */ = {
			isa = PBXGroup;
			children = (
				4B687C4720B50E3600FCFE96 /* ASHomeViewController.h */,
				4B687C4820B50E3600FCFE96 /* ASHomeViewController.m */,
			);
			path = Home;
			sourceTree = "<group>";
		};
		4B687C4420B4FD3D00FCFE96 /* Video */ = {
			isa = PBXGroup;
			children = (
				4B687C5020B50E7100FCFE96 /* ASVideoViewController.h */,
				4B687C5120B50E7100FCFE96 /* ASVideoViewController.m */,
			);
			path = Video;
			sourceTree = "<group>";
		};
		4B687C4520B50DE500FCFE96 /* Messenge */ = {
			isa = PBXGroup;
			children = (
				4B687C4D20B50E6400FCFE96 /* ASMessengeViewController.h */,
				4B687C4E20B50E6400FCFE96 /* ASMessengeViewController.m */,
			);
			path = Messenge;
			sourceTree = "<group>";
		};
		4B687C4620B50DF000FCFE96 /* MySelf */ = {
			isa = PBXGroup;
			children = (
				4B687C4A20B50E5500FCFE96 /* ASMySelfViewController.h */,
				4B687C4B20B50E5500FCFE96 /* ASMySelfViewController.m */,
			);
			path = MySelf;
			sourceTree = "<group>";
		};
		4B687C5320B54C8300FCFE96 /* Categories */ = {
			isa = PBXGroup;
			children = (
				4B95157F20D2414000303BF2 /* Others */,
				4B95157E20D2411200303BF2 /* Foundation */,
				4B95157D20D240EF00303BF2 /* QuartzCore */,
				4B95157C20D240E800303BF2 /* UIKit */,
			);
			path = Categories;
			sourceTree = "<group>";
		};
		4B687C5420B6587E00FCFE96 /* ASNavigationController */ = {
			isa = PBXGroup;
			children = (
				4B687C5520B658B900FCFE96 /* ASNavigationViewController.h */,
				4B687C5620B658B900FCFE96 /* ASNavigationViewController.m */,
			);
			path = ASNavigationController;
			sourceTree = "<group>";
		};
		4B687C9620B6C1AE00FCFE96 /* ASBaseViewController */ = {
			isa = PBXGroup;
			children = (
				4B687C9720B6C1CB00FCFE96 /* ASBaseViewController.h */,
				4B687C9820B6C1CB00FCFE96 /* ASBaseViewController.m */,
			);
			path = ASBaseViewController;
			sourceTree = "<group>";
		};
		4B687C9D20B6CA1800FCFE96 /* ASTopView */ = {
			isa = PBXGroup;
			children = (
				4B687C9E20B6CA2F00FCFE96 /* ASTopView.h */,
				4B687C9F20B6CA2F00FCFE96 /* ASTopView.m */,
			);
			path = ASTopView;
			sourceTree = "<group>";
		};
		4B69D3F020B2B272007DA1B6 /* Reachability */ = {
			isa = PBXGroup;
			children = (
				4B69D3F120B2B272007DA1B6 /* Reachability.m */,
				4B69D3F220B2B272007DA1B6 /* Reachability.h */,
			);
			path = Reachability;
			sourceTree = "<group>";
		};
		4B95157C20D240E800303BF2 /* UIKit */ = {
			isa = PBXGroup;
			children = (
			);
			path = UIKit;
			sourceTree = "<group>";
		};
		4B95157D20D240EF00303BF2 /* QuartzCore */ = {
			isa = PBXGroup;
			children = (
			);
			path = QuartzCore;
			sourceTree = "<group>";
		};
		4B95157E20D2411200303BF2 /* Foundation */ = {
			isa = PBXGroup;
			children = (
			);
			path = Foundation;
			sourceTree = "<group>";
		};
		4B95157F20D2414000303BF2 /* Others */ = {
			isa = PBXGroup;
			children = (
			);
			path = Others;
			sourceTree = "<group>";
		};
		4B9CF9F020AEBE3C002F6493 /* Resources */ = {
			isa = PBXGroup;
			children = (
			);
			path = Resources;
			sourceTree = "<group>";
		};
		4B9CF9F120AEBE3C002F6493 /* Library */ = {
			isa = PBXGroup;
			children = (
				4B687C5320B54C8300FCFE96 /* Categories */,
				4B687C3220B3F65400FCFE96 /* Vendor */,
				4B687C3120B3F3F300FCFE96 /* Custom */,
			);
			path = Library;
			sourceTree = "<group>";
		};
		4B9CF9F220AEBE3C002F6493 /* WebService */ = {
			isa = PBXGroup;
			children = (
				4B45E3D6210EDAB300E1A9A0 /* HttpSession */,
				4B45E3D5210EDA9C00E1A9A0 /* Setting */,
				4B45E3C8210AB11A00E1A9A0 /* Cache */,
				4B45E3C7210AB0FE00E1A9A0 /* Host */,
				4B45E3CF210B21F200E1A9A0 /* ASNetWorking.h */,
				4B45E3D0210B21F200E1A9A0 /* ASNetWorking.m */,
			);
			path = WebService;
			sourceTree = "<group>";
		};
		4B9CF9F320AEBE3C002F6493 /* Bussiness */ = {
			isa = PBXGroup;
			children = (
				4B687C4320B4FC7B00FCFE96 /* Home */,
				4B687C4620B50DF000FCFE96 /* MySelf */,
				4B687C4520B50DE500FCFE96 /* Messenge */,
				4B687C4420B4FD3D00FCFE96 /* Video */,
			);
			path = Bussiness;
			sourceTree = "<group>";
		};
		4BF7BA4D1F15D069009F1282 = {
			isa = PBXGroup;
			children = (
				4BF7BA581F15D069009F1282 /* ASKit */,
				4BF7BA721F15D069009F1282 /* ASKitTests */,
				4BF7BA7D1F15D069009F1282 /* ASKitUITests */,
				4BF7BA571F15D069009F1282 /* Products */,
				DCEE8D78052A702182375F08 /* Pods */,
				B8C4C861FB58AA9D3E4F9B8D /* Frameworks */,
			);
			sourceTree = "<group>";
		};
		4BF7BA571F15D069009F1282 /* Products */ = {
			isa = PBXGroup;
			children = (
				4BF7BA561F15D069009F1282 /* ASKit.app */,
				4BF7BA6F1F15D069009F1282 /* ASKitTests.xctest */,
				4BF7BA7A1F15D069009F1282 /* ASKitUITests.xctest */,
			);
			name = Products;
			sourceTree = "<group>";
		};
		4BF7BA581F15D069009F1282 /* ASKit */ = {
			isa = PBXGroup;
			children = (
				4BF7BA8C1F15EFD2009F1282 /* AppDelegate */,
				4B9CF9F320AEBE3C002F6493 /* Bussiness */,
				4B9CF9F120AEBE3C002F6493 /* Library */,
				4B9CF9F020AEBE3C002F6493 /* Resources */,
				4B9CF9F220AEBE3C002F6493 /* WebService */,
				4BF7BA621F15D069009F1282 /* Main.storyboard */,
				4BF7BA651F15D069009F1282 /* Assets.xcassets */,
				4BF7BA671F15D069009F1282 /* LaunchScreen.storyboard */,
				4BF7BA6A1F15D069009F1282 /* Info.plist */,
				4BF7BA591F15D069009F1282 /* Supporting Files */,
			);
			path = ASKit;
			sourceTree = "<group>";
		};
		4BF7BA591F15D069009F1282 /* Supporting Files */ = {
			isa = PBXGroup;
			children = (
				4BF7BA5A1F15D069009F1282 /* main.m */,
				4B69D43220B2BA49007DA1B6 /* PrefixHeader.pch */,
				4B687C4220B418E300FCFE96 /* ASMacroDefineHeader.h */,
				4B45E3D8210F1BE600E1A9A0 /* ASKeysDefineHeader.h */,
				4B95157720D210DA00303BF2 /* ASKit-Bridging-Header.h */,
			);
			name = "Supporting Files";
			sourceTree = "<group>";
		};
		4BF7BA721F15D069009F1282 /* ASKitTests */ = {
			isa = PBXGroup;
			children = (
				4BF7BA731F15D069009F1282 /* ASKitTests.m */,
				4BF7BA751F15D069009F1282 /* Info.plist */,
			);
			path = ASKitTests;
			sourceTree = "<group>";
		};
		4BF7BA7D1F15D069009F1282 /* ASKitUITests */ = {
			isa = PBXGroup;
			children = (
				4BF7BA7E1F15D069009F1282 /* ASKitUITests.m */,
				4BF7BA801F15D069009F1282 /* Info.plist */,
			);
			path = ASKitUITests;
			sourceTree = "<group>";
		};
		4BF7BA8C1F15EFD2009F1282 /* AppDelegate */ = {
			isa = PBXGroup;
			children = (
				4BF7BA8D1F15EFD2009F1282 /* AppDelegate.h */,
				4BF7BA8E1F15EFD2009F1282 /* AppDelegate.m */,
			);
			path = AppDelegate;
			sourceTree = "<group>";
		};
		B8C4C861FB58AA9D3E4F9B8D /* Frameworks */ = {
			isa = PBXGroup;
			children = (
				287F88BAC4C738923C3B670F /* Pods_ASKit.framework */,
			);
			name = Frameworks;
			sourceTree = "<group>";
		};
		DCEE8D78052A702182375F08 /* Pods */ = {
			isa = PBXGroup;
			children = (
				7692899619433E1ACDEFCB77 /* Pods-ASKit.debug.xcconfig */,
				67748E78E4C3FF60897A3FF3 /* Pods-ASKit.release.xcconfig */,
			);
			name = Pods;
			sourceTree = "<group>";
		};
/* End PBXGroup section */

/* Begin PBXNativeTarget section */
		4BF7BA551F15D069009F1282 /* ASKit */ = {
			isa = PBXNativeTarget;
			buildConfigurationList = 4BF7BA831F15D069009F1282 /* Build configuration list for PBXNativeTarget "ASKit" */;
			buildPhases = (
				2C91D6B52A000F35BFE373A2 /* [CP] Check Pods Manifest.lock */,
				4BF7BA521F15D069009F1282 /* Sources */,
				4BF7BA531F15D069009F1282 /* Frameworks */,
				4BF7BA541F15D069009F1282 /* Resources */,
				0599DFC8AD7DE4A4F7CD2F04 /* [CP] Embed Pods Frameworks */,
			);
			buildRules = (
			);
			dependencies = (
			);
			name = ASKit;
			productName = ASKit;
			productReference = 4BF7BA561F15D069009F1282 /* ASKit.app */;
			productType = "com.apple.product-type.application";
		};
		4BF7BA6E1F15D069009F1282 /* ASKitTests */ = {
			isa = PBXNativeTarget;
			buildConfigurationList = 4BF7BA861F15D069009F1282 /* Build configuration list for PBXNativeTarget "ASKitTests" */;
			buildPhases = (
				4BF7BA6B1F15D069009F1282 /* Sources */,
				4BF7BA6C1F15D069009F1282 /* Frameworks */,
				4BF7BA6D1F15D069009F1282 /* Resources */,
			);
			buildRules = (
			);
			dependencies = (
				4BF7BA711F15D069009F1282 /* PBXTargetDependency */,
			);
			name = ASKitTests;
			productName = ASKitTests;
			productReference = 4BF7BA6F1F15D069009F1282 /* ASKitTests.xctest */;
			productType = "com.apple.product-type.bundle.unit-test";
		};
		4BF7BA791F15D069009F1282 /* ASKitUITests */ = {
			isa = PBXNativeTarget;
			buildConfigurationList = 4BF7BA891F15D069009F1282 /* Build configuration list for PBXNativeTarget "ASKitUITests" */;
			buildPhases = (
				4BF7BA761F15D069009F1282 /* Sources */,
				4BF7BA771F15D069009F1282 /* Frameworks */,
				4BF7BA781F15D069009F1282 /* Resources */,
			);
			buildRules = (
			);
			dependencies = (
				4BF7BA7C1F15D069009F1282 /* PBXTargetDependency */,
			);
			name = ASKitUITests;
			productName = ASKitUITests;
			productReference = 4BF7BA7A1F15D069009F1282 /* ASKitUITests.xctest */;
			productType = "com.apple.product-type.bundle.ui-testing";
		};
/* End PBXNativeTarget section */

/* Begin PBXProject section */
		4BF7BA4E1F15D069009F1282 /* Project object */ = {
			isa = PBXProject;
			attributes = {
				LastUpgradeCheck = 0810;
				ORGANIZATIONNAME = AdamShi;
				TargetAttributes = {
					4BF7BA551F15D069009F1282 = {
						CreatedOnToolsVersion = 8.1;
						DevelopmentTeam = A9F45UG9ER;
						LastSwiftMigration = 0940;
						ProvisioningStyle = Automatic;
					};
					4BF7BA6E1F15D069009F1282 = {
						CreatedOnToolsVersion = 8.1;
						DevelopmentTeam = A9F45UG9ER;
						ProvisioningStyle = Automatic;
						TestTargetID = 4BF7BA551F15D069009F1282;
					};
					4BF7BA791F15D069009F1282 = {
						CreatedOnToolsVersion = 8.1;
						DevelopmentTeam = A9F45UG9ER;
						ProvisioningStyle = Automatic;
						TestTargetID = 4BF7BA551F15D069009F1282;
					};
				};
			};
			buildConfigurationList = 4BF7BA511F15D069009F1282 /* Build configuration list for PBXProject "ASKit" */;
			compatibilityVersion = "Xcode 3.2";
			developmentRegion = English;
			hasScannedForEncodings = 0;
			knownRegions = (
				en,
				Base,
			);
			mainGroup = 4BF7BA4D1F15D069009F1282;
			productRefGroup = 4BF7BA571F15D069009F1282 /* Products */;
			projectDirPath = "";
			projectRoot = "";
			targets = (
				4BF7BA551F15D069009F1282 /* ASKit */,
				4BF7BA6E1F15D069009F1282 /* ASKitTests */,
				4BF7BA791F15D069009F1282 /* ASKitUITests */,
			);
		};
/* End PBXProject section */

/* Begin PBXResourcesBuildPhase section */
		4BF7BA541F15D069009F1282 /* Resources */ = {
			isa = PBXResourcesBuildPhase;
			buildActionMask = 2147483647;
			files = (
				4BF7BA691F15D069009F1282 /* LaunchScreen.storyboard in Resources */,
				4BF7BA661F15D069009F1282 /* Assets.xcassets in Resources */,
				4BF7BA641F15D069009F1282 /* Main.storyboard in Resources */,
			);
			runOnlyForDeploymentPostprocessing = 0;
		};
		4BF7BA6D1F15D069009F1282 /* Resources */ = {
			isa = PBXResourcesBuildPhase;
			buildActionMask = 2147483647;
			files = (
			);
			runOnlyForDeploymentPostprocessing = 0;
		};
		4BF7BA781F15D069009F1282 /* Resources */ = {
			isa = PBXResourcesBuildPhase;
			buildActionMask = 2147483647;
			files = (
			);
			runOnlyForDeploymentPostprocessing = 0;
		};
/* End PBXResourcesBuildPhase section */

/* Begin PBXShellScriptBuildPhase section */
		0599DFC8AD7DE4A4F7CD2F04 /* [CP] Embed Pods Frameworks */ = {
			isa = PBXShellScriptBuildPhase;
			buildActionMask = 2147483647;
			files = (
			);
			inputPaths = (
				"${SRCROOT}/Pods/Target Support Files/Pods-ASKit/Pods-ASKit-frameworks.sh",
				"${BUILT_PRODUCTS_DIR}/AFNetworking/AFNetworking.framework",
				"${BUILT_PRODUCTS_DIR}/DZNEmptyDataSet/DZNEmptyDataSet.framework",
				"${BUILT_PRODUCTS_DIR}/FMDB/FMDB.framework",
				"${BUILT_PRODUCTS_DIR}/FSPagerView/FSPagerView.framework",
				"${BUILT_PRODUCTS_DIR}/Hero/Hero.framework",
				"${BUILT_PRODUCTS_DIR}/IQKeyboardManager/IQKeyboardManager.framework",
				"${BUILT_PRODUCTS_DIR}/MJExtension/MJExtension.framework",
				"${BUILT_PRODUCTS_DIR}/MJRefresh/MJRefresh.framework",
				"${BUILT_PRODUCTS_DIR}/Masonry/Masonry.framework",
				"${BUILT_PRODUCTS_DIR}/ReactiveCocoa/ReactiveCocoa.framework",
				"${BUILT_PRODUCTS_DIR}/SDWebImage/SDWebImage.framework",
				"${BUILT_PRODUCTS_DIR}/SVProgressHUD/SVProgressHUD.framework",
				"${BUILT_PRODUCTS_DIR}/YYCache/YYCache.framework",
				"${BUILT_PRODUCTS_DIR}/libwebp/libwebp.framework",
			);
			name = "[CP] Embed Pods Frameworks";
			outputPaths = (
				"${TARGET_BUILD_DIR}/${FRAMEWORKS_FOLDER_PATH}/AFNetworking.framework",
				"${TARGET_BUILD_DIR}/${FRAMEWORKS_FOLDER_PATH}/DZNEmptyDataSet.framework",
				"${TARGET_BUILD_DIR}/${FRAMEWORKS_FOLDER_PATH}/FMDB.framework",
				"${TARGET_BUILD_DIR}/${FRAMEWORKS_FOLDER_PATH}/FSPagerView.framework",
				"${TARGET_BUILD_DIR}/${FRAMEWORKS_FOLDER_PATH}/Hero.framework",
				"${TARGET_BUILD_DIR}/${FRAMEWORKS_FOLDER_PATH}/IQKeyboardManager.framework",
				"${TARGET_BUILD_DIR}/${FRAMEWORKS_FOLDER_PATH}/MJExtension.framework",
				"${TARGET_BUILD_DIR}/${FRAMEWORKS_FOLDER_PATH}/MJRefresh.framework",
				"${TARGET_BUILD_DIR}/${FRAMEWORKS_FOLDER_PATH}/Masonry.framework",
				"${TARGET_BUILD_DIR}/${FRAMEWORKS_FOLDER_PATH}/ReactiveCocoa.framework",
				"${TARGET_BUILD_DIR}/${FRAMEWORKS_FOLDER_PATH}/SDWebImage.framework",
				"${TARGET_BUILD_DIR}/${FRAMEWORKS_FOLDER_PATH}/SVProgressHUD.framework",
				"${TARGET_BUILD_DIR}/${FRAMEWORKS_FOLDER_PATH}/YYCache.framework",
				"${TARGET_BUILD_DIR}/${FRAMEWORKS_FOLDER_PATH}/libwebp.framework",
			);
			runOnlyForDeploymentPostprocessing = 0;
			shellPath = /bin/sh;
			shellScript = "\"${SRCROOT}/Pods/Target Support Files/Pods-ASKit/Pods-ASKit-frameworks.sh\"\n";
			showEnvVarsInLog = 0;
		};
		2C91D6B52A000F35BFE373A2 /* [CP] Check Pods Manifest.lock */ = {
			isa = PBXShellScriptBuildPhase;
			buildActionMask = 2147483647;
			files = (
			);
			inputPaths = (
				"${PODS_PODFILE_DIR_PATH}/Podfile.lock",
				"${PODS_ROOT}/Manifest.lock",
			);
			name = "[CP] Check Pods Manifest.lock";
			outputPaths = (
				"$(DERIVED_FILE_DIR)/Pods-ASKit-checkManifestLockResult.txt",
			);
			runOnlyForDeploymentPostprocessing = 0;
			shellPath = /bin/sh;
			shellScript = "diff \"${PODS_PODFILE_DIR_PATH}/Podfile.lock\" \"${PODS_ROOT}/Manifest.lock\" > /dev/null\nif [ $? != 0 ] ; then\n    # print error to STDERR\n    echo \"error: The sandbox is not in sync with the Podfile.lock. Run 'pod install' or update your CocoaPods installation.\" >&2\n    exit 1\nfi\n# This output is used by Xcode 'outputs' to avoid re-running this script phase.\necho \"SUCCESS\" > \"${SCRIPT_OUTPUT_FILE_0}\"\n";
			showEnvVarsInLog = 0;
		};
/* End PBXShellScriptBuildPhase section */

/* Begin PBXSourcesBuildPhase section */
		4BF7BA521F15D069009F1282 /* Sources */ = {
			isa = PBXSourcesBuildPhase;
			buildActionMask = 2147483647;
			files = (
				4B45E41D21144B0100E1A9A0 /* ASRefreshBackGifFooter.m in Sources */,
				4B687C4F20B50E6400FCFE96 /* ASMessengeViewController.m in Sources */,
				4B45E3CB210ABCEF00E1A9A0 /* ASHostViewController.m in Sources */,
				4B45E4012112FB3500E1A9A0 /* ASCollectionView.m in Sources */,
				4B45E3FD2112F7B200E1A9A0 /* ASTableView.m in Sources */,
				4BF7BA931F15EFD2009F1282 /* AppDelegate.m in Sources */,
				4B45E3BD210728B300E1A9A0 /* ASHTTPSessionManager.m in Sources */,
				4B45E3C02109BEB900E1A9A0 /* ASHostModel.m in Sources */,
				4B687C4920B50E3600FCFE96 /* ASHomeViewController.m in Sources */,
				4B69D3F320B2B272007DA1B6 /* Reachability.m in Sources */,
				4B45E40B211441AB00E1A9A0 /* ASRefreshGifHeader.m in Sources */,
				4B45E3BA2107225800E1A9A0 /* ASCacheManager.m in Sources */,
				4B45E3C32109BECD00E1A9A0 /* ASHostManager.m in Sources */,
				4B95158220D246F700303BF2 /* ASUserDefaultManager.m in Sources */,
				4B7EFAAD20D11ED2003ED957 /* ASToastManager.m in Sources */,
				4B687CA020B6CA2F00FCFE96 /* ASTopView.m in Sources */,
				4B45E3D1210B21F200E1A9A0 /* ASNetWorking.m in Sources */,
				4B687C5720B658B900FCFE96 /* ASNavigationViewController.m in Sources */,
				4B687C3D20B4107900FCFE96 /* UIView+Addition.m in Sources */,
				4B7EFAAA20D11EBE003ED957 /* ASLoadingManager.m in Sources */,
				4B45E42321144B9700E1A9A0 /* ASRefreshAutoGifFooter.m in Sources */,
				4B45E41A211446BF00E1A9A0 /* ASRefreshBackNormalFooter.m in Sources */,
				4B687C3620B3F6BF00FCFE96 /* ASTabBarViewController.m in Sources */,
				4B687C5220B50E7100FCFE96 /* ASVideoViewController.m in Sources */,
				4B45E3D4210EB6AC00E1A9A0 /* ASNetWorkingSetting.m in Sources */,
				4B45E3CE210AC0E400E1A9A0 /* ASHostTableViewCell.m in Sources */,
				4B687C4020B4116E00FCFE96 /* ASTabBarView.m in Sources */,
				4B45E4082114419500E1A9A0 /* ASRefreshNormalHeader.m in Sources */,
				4B687C4C20B50E5500FCFE96 /* ASMySelfViewController.m in Sources */,
				4B45E42021144B3000E1A9A0 /* ASRefreshAutoNormalFooter.m in Sources */,
				4BF7BA5B1F15D069009F1282 /* main.m in Sources */,
				4B687C9920B6C1CB00FCFE96 /* ASBaseViewController.m in Sources */,
			);
			runOnlyForDeploymentPostprocessing = 0;
		};
		4BF7BA6B1F15D069009F1282 /* Sources */ = {
			isa = PBXSourcesBuildPhase;
			buildActionMask = 2147483647;
			files = (
				4BF7BA741F15D069009F1282 /* ASKitTests.m in Sources */,
			);
			runOnlyForDeploymentPostprocessing = 0;
		};
		4BF7BA761F15D069009F1282 /* Sources */ = {
			isa = PBXSourcesBuildPhase;
			buildActionMask = 2147483647;
			files = (
				4BF7BA7F1F15D069009F1282 /* ASKitUITests.m in Sources */,
			);
			runOnlyForDeploymentPostprocessing = 0;
		};
/* End PBXSourcesBuildPhase section */

/* Begin PBXTargetDependency section */
		4BF7BA711F15D069009F1282 /* PBXTargetDependency */ = {
			isa = PBXTargetDependency;
			target = 4BF7BA551F15D069009F1282 /* ASKit */;
			targetProxy = 4BF7BA701F15D069009F1282 /* PBXContainerItemProxy */;
		};
		4BF7BA7C1F15D069009F1282 /* PBXTargetDependency */ = {
			isa = PBXTargetDependency;
			target = 4BF7BA551F15D069009F1282 /* ASKit */;
			targetProxy = 4BF7BA7B1F15D069009F1282 /* PBXContainerItemProxy */;
		};
/* End PBXTargetDependency section */

/* Begin PBXVariantGroup section */
		4BF7BA621F15D069009F1282 /* Main.storyboard */ = {
			isa = PBXVariantGroup;
			children = (
				4BF7BA631F15D069009F1282 /* Base */,
			);
			name = Main.storyboard;
			sourceTree = "<group>";
		};
		4BF7BA671F15D069009F1282 /* LaunchScreen.storyboard */ = {
			isa = PBXVariantGroup;
			children = (
				4BF7BA681F15D069009F1282 /* Base */,
			);
			name = LaunchScreen.storyboard;
			sourceTree = "<group>";
		};
/* End PBXVariantGroup section */

/* Begin XCBuildConfiguration section */
		4BF7BA811F15D069009F1282 /* Debug */ = {
			isa = XCBuildConfiguration;
			buildSettings = {
				ALWAYS_SEARCH_USER_PATHS = NO;
				CLANG_ANALYZER_NONNULL = YES;
				CLANG_CXX_LANGUAGE_STANDARD = "gnu++0x";
				CLANG_CXX_LIBRARY = "libc++";
				CLANG_ENABLE_MODULES = YES;
				CLANG_ENABLE_OBJC_ARC = YES;
				CLANG_WARN_BOOL_CONVERSION = YES;
				CLANG_WARN_CONSTANT_CONVERSION = YES;
				CLANG_WARN_DIRECT_OBJC_ISA_USAGE = YES_ERROR;
				CLANG_WARN_DOCUMENTATION_COMMENTS = YES;
				CLANG_WARN_EMPTY_BODY = YES;
				CLANG_WARN_ENUM_CONVERSION = YES;
				CLANG_WARN_INFINITE_RECURSION = YES;
				CLANG_WARN_INT_CONVERSION = YES;
				CLANG_WARN_OBJC_ROOT_CLASS = YES_ERROR;
				CLANG_WARN_SUSPICIOUS_MOVES = YES;
				CLANG_WARN_UNREACHABLE_CODE = YES;
				CLANG_WARN__DUPLICATE_METHOD_MATCH = YES;
				"CODE_SIGN_IDENTITY[sdk=iphoneos*]" = "iPhone Developer";
				COPY_PHASE_STRIP = NO;
				DEBUG_INFORMATION_FORMAT = dwarf;
				ENABLE_STRICT_OBJC_MSGSEND = YES;
				ENABLE_TESTABILITY = YES;
				GCC_C_LANGUAGE_STANDARD = gnu99;
				GCC_DYNAMIC_NO_PIC = NO;
				GCC_NO_COMMON_BLOCKS = YES;
				GCC_OPTIMIZATION_LEVEL = 0;
				GCC_PREPROCESSOR_DEFINITIONS = (
					"DEBUG=1",
					"$(inherited)",
				);
				GCC_WARN_64_TO_32_BIT_CONVERSION = YES;
				GCC_WARN_ABOUT_RETURN_TYPE = YES_ERROR;
				GCC_WARN_UNDECLARED_SELECTOR = YES;
				GCC_WARN_UNINITIALIZED_AUTOS = YES_AGGRESSIVE;
				GCC_WARN_UNUSED_FUNCTION = YES;
				GCC_WARN_UNUSED_VARIABLE = YES;
				IPHONEOS_DEPLOYMENT_TARGET = 10.1;
				MTL_ENABLE_DEBUG_INFO = YES;
				ONLY_ACTIVE_ARCH = YES;
				SDKROOT = iphoneos;
				TARGETED_DEVICE_FAMILY = "1,2";
			};
			name = Debug;
		};
		4BF7BA821F15D069009F1282 /* Release */ = {
			isa = XCBuildConfiguration;
			buildSettings = {
				ALWAYS_SEARCH_USER_PATHS = NO;
				CLANG_ANALYZER_NONNULL = YES;
				CLANG_CXX_LANGUAGE_STANDARD = "gnu++0x";
				CLANG_CXX_LIBRARY = "libc++";
				CLANG_ENABLE_MODULES = YES;
				CLANG_ENABLE_OBJC_ARC = YES;
				CLANG_WARN_BOOL_CONVERSION = YES;
				CLANG_WARN_CONSTANT_CONVERSION = YES;
				CLANG_WARN_DIRECT_OBJC_ISA_USAGE = YES_ERROR;
				CLANG_WARN_DOCUMENTATION_COMMENTS = YES;
				CLANG_WARN_EMPTY_BODY = YES;
				CLANG_WARN_ENUM_CONVERSION = YES;
				CLANG_WARN_INFINITE_RECURSION = YES;
				CLANG_WARN_INT_CONVERSION = YES;
				CLANG_WARN_OBJC_ROOT_CLASS = YES_ERROR;
				CLANG_WARN_SUSPICIOUS_MOVES = YES;
				CLANG_WARN_UNREACHABLE_CODE = YES;
				CLANG_WARN__DUPLICATE_METHOD_MATCH = YES;
				"CODE_SIGN_IDENTITY[sdk=iphoneos*]" = "iPhone Developer";
				COPY_PHASE_STRIP = NO;
				DEBUG_INFORMATION_FORMAT = "dwarf-with-dsym";
				ENABLE_NS_ASSERTIONS = NO;
				ENABLE_STRICT_OBJC_MSGSEND = YES;
				GCC_C_LANGUAGE_STANDARD = gnu99;
				GCC_NO_COMMON_BLOCKS = YES;
				GCC_WARN_64_TO_32_BIT_CONVERSION = YES;
				GCC_WARN_ABOUT_RETURN_TYPE = YES_ERROR;
				GCC_WARN_UNDECLARED_SELECTOR = YES;
				GCC_WARN_UNINITIALIZED_AUTOS = YES_AGGRESSIVE;
				GCC_WARN_UNUSED_FUNCTION = YES;
				GCC_WARN_UNUSED_VARIABLE = YES;
				IPHONEOS_DEPLOYMENT_TARGET = 10.1;
				MTL_ENABLE_DEBUG_INFO = NO;
				SDKROOT = iphoneos;
				TARGETED_DEVICE_FAMILY = "1,2";
				VALIDATE_PRODUCT = YES;
			};
			name = Release;
		};
		4BF7BA841F15D069009F1282 /* Debug */ = {
			isa = XCBuildConfiguration;
			baseConfigurationReference = 7692899619433E1ACDEFCB77 /* Pods-ASKit.debug.xcconfig */;
			buildSettings = {
				ASSETCATALOG_COMPILER_APPICON_NAME = AppIcon;
				CLANG_ENABLE_MODULES = YES;
				DEFINES_MODULE = YES;
				DEVELOPMENT_TEAM = A9F45UG9ER;
				GCC_PRECOMPILE_PREFIX_HEADER = YES;
				GCC_PREFIX_HEADER = ASKit/PrefixHeader.pch;
				INFOPLIST_FILE = ASKit/Info.plist;
				IPHONEOS_DEPLOYMENT_TARGET = 8.0;
				LD_RUNPATH_SEARCH_PATHS = "$(inherited) @executable_path/Frameworks";
				PRODUCT_BUNDLE_IDENTIFIER = com.AdamShi.ASKit;
				PRODUCT_NAME = "$(TARGET_NAME)";
				SWIFT_OBJC_BRIDGING_HEADER = "ASKit/ASKit-Bridging-Header.h";
				SWIFT_OPTIMIZATION_LEVEL = "-Onone";
				SWIFT_VERSION = 3.0;
			};
			name = Debug;
		};
		4BF7BA851F15D069009F1282 /* Release */ = {
			isa = XCBuildConfiguration;
			baseConfigurationReference = 67748E78E4C3FF60897A3FF3 /* Pods-ASKit.release.xcconfig */;
			buildSettings = {
				ASSETCATALOG_COMPILER_APPICON_NAME = AppIcon;
				CLANG_ENABLE_MODULES = YES;
				DEFINES_MODULE = YES;
				DEVELOPMENT_TEAM = A9F45UG9ER;
				GCC_PRECOMPILE_PREFIX_HEADER = YES;
				GCC_PREFIX_HEADER = ASKit/PrefixHeader.pch;
				INFOPLIST_FILE = ASKit/Info.plist;
				IPHONEOS_DEPLOYMENT_TARGET = 8.0;
				LD_RUNPATH_SEARCH_PATHS = "$(inherited) @executable_path/Frameworks";
				PRODUCT_BUNDLE_IDENTIFIER = com.AdamShi.ASKit;
				PRODUCT_NAME = "$(TARGET_NAME)";
				SWIFT_OBJC_BRIDGING_HEADER = "ASKit/ASKit-Bridging-Header.h";
				SWIFT_VERSION = 3.0;
			};
			name = Release;
		};
		4BF7BA871F15D069009F1282 /* Debug */ = {
			isa = XCBuildConfiguration;
			buildSettings = {
				BUNDLE_LOADER = "$(TEST_HOST)";
				DEVELOPMENT_TEAM = A9F45UG9ER;
				INFOPLIST_FILE = ASKitTests/Info.plist;
				LD_RUNPATH_SEARCH_PATHS = "$(inherited) @executable_path/Frameworks @loader_path/Frameworks";
				PRODUCT_BUNDLE_IDENTIFIER = com.AdamShi.ASKitTests;
				PRODUCT_NAME = "$(TARGET_NAME)";
				TEST_HOST = "$(BUILT_PRODUCTS_DIR)/ASKit.app/ASKit";
			};
			name = Debug;
		};
		4BF7BA881F15D069009F1282 /* Release */ = {
			isa = XCBuildConfiguration;
			buildSettings = {
				BUNDLE_LOADER = "$(TEST_HOST)";
				DEVELOPMENT_TEAM = A9F45UG9ER;
				INFOPLIST_FILE = ASKitTests/Info.plist;
				LD_RUNPATH_SEARCH_PATHS = "$(inherited) @executable_path/Frameworks @loader_path/Frameworks";
				PRODUCT_BUNDLE_IDENTIFIER = com.AdamShi.ASKitTests;
				PRODUCT_NAME = "$(TARGET_NAME)";
				TEST_HOST = "$(BUILT_PRODUCTS_DIR)/ASKit.app/ASKit";
			};
			name = Release;
		};
		4BF7BA8A1F15D069009F1282 /* Debug */ = {
			isa = XCBuildConfiguration;
			buildSettings = {
				DEVELOPMENT_TEAM = A9F45UG9ER;
				INFOPLIST_FILE = ASKitUITests/Info.plist;
				LD_RUNPATH_SEARCH_PATHS = "$(inherited) @executable_path/Frameworks @loader_path/Frameworks";
				PRODUCT_BUNDLE_IDENTIFIER = com.AdamShi.ASKitUITests;
				PRODUCT_NAME = "$(TARGET_NAME)";
				TEST_TARGET_NAME = ASKit;
			};
			name = Debug;
		};
		4BF7BA8B1F15D069009F1282 /* Release */ = {
			isa = XCBuildConfiguration;
			buildSettings = {
				DEVELOPMENT_TEAM = A9F45UG9ER;
				INFOPLIST_FILE = ASKitUITests/Info.plist;
				LD_RUNPATH_SEARCH_PATHS = "$(inherited) @executable_path/Frameworks @loader_path/Frameworks";
				PRODUCT_BUNDLE_IDENTIFIER = com.AdamShi.ASKitUITests;
				PRODUCT_NAME = "$(TARGET_NAME)";
				TEST_TARGET_NAME = ASKit;
			};
			name = Release;
		};
/* End XCBuildConfiguration section */

/* Begin XCConfigurationList section */
		4BF7BA511F15D069009F1282 /* Build configuration list for PBXProject "ASKit" */ = {
			isa = XCConfigurationList;
			buildConfigurations = (
				4BF7BA811F15D069009F1282 /* Debug */,
				4BF7BA821F15D069009F1282 /* Release */,
			);
			defaultConfigurationIsVisible = 0;
			defaultConfigurationName = Release;
		};
		4BF7BA831F15D069009F1282 /* Build configuration list for PBXNativeTarget "ASKit" */ = {
			isa = XCConfigurationList;
			buildConfigurations = (
				4BF7BA841F15D069009F1282 /* Debug */,
				4BF7BA851F15D069009F1282 /* Release */,
			);
			defaultConfigurationIsVisible = 0;
			defaultConfigurationName = Release;
		};
		4BF7BA861F15D069009F1282 /* Build configuration list for PBXNativeTarget "ASKitTests" */ = {
			isa = XCConfigurationList;
			buildConfigurations = (
				4BF7BA871F15D069009F1282 /* Debug */,
				4BF7BA881F15D069009F1282 /* Release */,
			);
			defaultConfigurationIsVisible = 0;
			defaultConfigurationName = Release;
		};
		4BF7BA891F15D069009F1282 /* Build configuration list for PBXNativeTarget "ASKitUITests" */ = {
			isa = XCConfigurationList;
			buildConfigurations = (
				4BF7BA8A1F15D069009F1282 /* Debug */,
				4BF7BA8B1F15D069009F1282 /* Release */,
			);
			defaultConfigurationIsVisible = 0;
			defaultConfigurationName = Release;
		};
/* End XCConfigurationList section */
	};
	rootObject = 4BF7BA4E1F15D069009F1282 /* Project object */;
}
